// !$*UTF8*$!
{
	archiveVersion = 1;
	classes = {
	};
	objectVersion = 46;
	objects = {

/* Begin PBXBuildFile section */
		AE15966718142C6300929D1D /* Camera Button.png in Resources */ = {isa = PBXBuildFile; fileRef = AE15965E18142C6300929D1D /* Camera Button.png */; };
		AE15966818142C6300929D1D /* Camera Flash@2x.png in Resources */ = {isa = PBXBuildFile; fileRef = AE15965F18142C6300929D1D /* Camera Flash@2x.png */; };
		AE15966918142C6300929D1D /* Camera Front and Back.png in Resources */ = {isa = PBXBuildFile; fileRef = AE15966018142C6300929D1D /* Camera Front and Back.png */; };
		AE15966A18142C6300929D1D /* Cancel.png in Resources */ = {isa = PBXBuildFile; fileRef = AE15966118142C6300929D1D /* Cancel.png */; };
		AE15966B18142C6300929D1D /* Film.png in Resources */ = {isa = PBXBuildFile; fileRef = AE15966218142C6300929D1D /* Film.png */; };
		AE15966C18142C6300929D1D /* Option.png in Resources */ = {isa = PBXBuildFile; fileRef = AE15966318142C6300929D1D /* Option.png */; };
		AE15967B181BE95E00929D1D /* AVFoundation.framework in Frameworks */ = {isa = PBXBuildFile; fileRef = AE15967A181BE95E00929D1D /* AVFoundation.framework */; };
		AE15967D181BF64800929D1D /* AudioToolbox.framework in Frameworks */ = {isa = PBXBuildFile; fileRef = AE15967C181BF64800929D1D /* AudioToolbox.framework */; };
		AE159695181C15AE00929D1D /* Sound Button.png in Resources */ = {isa = PBXBuildFile; fileRef = AE159694181C15AE00929D1D /* Sound Button.png */; };
		AE1596BE182452CF00929D1D /* slider-default7-trackBackground.png in Resources */ = {isa = PBXBuildFile; fileRef = AE1596B6182452CF00929D1D /* slider-default7-trackBackground.png */; };
		AE1596BF182452CF00929D1D /* slider-default7-trackBackground@2x.png in Resources */ = {isa = PBXBuildFile; fileRef = AE1596B7182452CF00929D1D /* slider-default7-trackBackground@2x.png */; };
		AE1596C0182452CF00929D1D /* slider-default7-trackCrossedOver.png in Resources */ = {isa = PBXBuildFile; fileRef = AE1596B8182452CF00929D1D /* slider-default7-trackCrossedOver.png */; };
		AE1596C1182452CF00929D1D /* slider-default7-trackCrossedOver@2x.png in Resources */ = {isa = PBXBuildFile; fileRef = AE1596B9182452CF00929D1D /* slider-default7-trackCrossedOver@2x.png */; };
		AE2B4E7D18737677006BD456 /* SonicViewControllerHeaderView.m in Sources */ = {isa = PBXBuildFile; fileRef = AE2B4E7C18737677006BD456 /* SonicViewControllerHeaderView.m */; };
		AE2B4E80187457E6006BD456 /* SonicComment.m in Sources */ = {isa = PBXBuildFile; fileRef = AE2B4E7F187457E6006BD456 /* SonicComment.m */; };
		AE637F34184BBCE700DDEE21 /* AuthenticationManager.m in Sources */ = {isa = PBXBuildFile; fileRef = AE637F33184BBCE700DDEE21 /* AuthenticationManager.m */; };
		AE86EE7B182C0DA800F74F1D /* SonicData.m in Sources */ = {isa = PBXBuildFile; fileRef = AE86EE7A182C0DA800F74F1D /* SonicData.m */; };
		AE86EE7F182C0DC000F74F1D /* NMRangeSlider.m in Sources */ = {isa = PBXBuildFile; fileRef = AE86EE7E182C0DC000F74F1D /* NMRangeSlider.m */; };
		AE86EE8A182C0DF300F74F1D /* JSONKit.m in Sources */ = {isa = PBXBuildFile; fileRef = AE86EE85182C0DF300F74F1D /* JSONKit.m */; settings = {COMPILER_FLAGS = "-fno-objc-arc"; }; };
		AE86EE8B182C0DF300F74F1D /* SNCAPIConnector.m in Sources */ = {isa = PBXBuildFile; fileRef = AE86EE87182C0DF300F74F1D /* SNCAPIConnector.m */; };
		AE86EE8C182C0DF300F74F1D /* UIImage+scaleToSize.m in Sources */ = {isa = PBXBuildFile; fileRef = AE86EE89182C0DF300F74F1D /* UIImage+scaleToSize.m */; };
		AE86EE94182C0E0E00F74F1D /* SNCCameraViewController.m in Sources */ = {isa = PBXBuildFile; fileRef = AE86EE8F182C0E0E00F74F1D /* SNCCameraViewController.m */; };
		AE86EE95182C0E0E00F74F1D /* SNCEditViewController.m in Sources */ = {isa = PBXBuildFile; fileRef = AE86EE91182C0E0E00F74F1D /* SNCEditViewController.m */; };
		AE86EE96182C0E0E00F74F1D /* SNCShareViewController.m in Sources */ = {isa = PBXBuildFile; fileRef = AE86EE93182C0E0E00F74F1D /* SNCShareViewController.m */; };
		AE86EE99182D7D2000F74F1D /* SNCProfileViewController.m in Sources */ = {isa = PBXBuildFile; fileRef = AE86EE98182D7D2000F74F1D /* SNCProfileViewController.m */; };
		AE86EE9C182E741900F74F1D /* NSData+Base64.m in Sources */ = {isa = PBXBuildFile; fileRef = AE86EE9B182E741900F74F1D /* NSData+Base64.m */; settings = {COMPILER_FLAGS = "-fno-objc-arc"; }; };
		AE86EE9F1831547600F74F1D /* SonicManagedObject.m in Sources */ = {isa = PBXBuildFile; fileRef = AE86EE9E1831547600F74F1D /* SonicManagedObject.m */; };
		AE86EEA8183158D300F74F1D /* UserManagedObject.m in Sources */ = {isa = PBXBuildFile; fileRef = AE86EEA7183158D300F74F1D /* UserManagedObject.m */; };
		AE86EEB318316BC500F74F1D /* DatabaseManager.m in Sources */ = {isa = PBXBuildFile; fileRef = AE86EEAE18316BC500F74F1D /* DatabaseManager.m */; };
		AE86EEB418316BC500F74F1D /* SNCAPIManager.m in Sources */ = {isa = PBXBuildFile; fileRef = AE86EEB018316BC500F74F1D /* SNCAPIManager.m */; };
		AE86EEB518316BC500F74F1D /* SonicraphMediaManager.m in Sources */ = {isa = PBXBuildFile; fileRef = AE86EEB218316BC500F74F1D /* SonicraphMediaManager.m */; };
		AE86EEC818316CA800F74F1D /* libmp3lame.a in Frameworks */ = {isa = PBXBuildFile; fileRef = AE86EEBB18316CA800F74F1D /* libmp3lame.a */; };
		AE86EEC918316CA800F74F1D /* AudioConverter.a in Frameworks */ = {isa = PBXBuildFile; fileRef = AE86EEBD18316CA800F74F1D /* AudioConverter.a */; };
		AE86EECA18316CA800F74F1D /* AudioConverter.m in Sources */ = {isa = PBXBuildFile; fileRef = AE86EEBF18316CA800F74F1D /* AudioConverter.m */; settings = {COMPILER_FLAGS = "-fno-objc-arc"; }; };
		AE86EECB18316CA800F74F1D /* AudioConverterKitforiOS.pdf in Resources */ = {isa = PBXBuildFile; fileRef = AE86EEC118316CA800F74F1D /* AudioConverterKitforiOS.pdf */; };
		AE86EECC18316CA800F74F1D /* MP3Converter.a in Frameworks */ = {isa = PBXBuildFile; fileRef = AE86EEC318316CA800F74F1D /* MP3Converter.a */; };
		AE86EECD18316CA800F74F1D /* MP3Converter.m in Sources */ = {isa = PBXBuildFile; fileRef = AE86EEC518316CA800F74F1D /* MP3Converter.m */; settings = {COMPILER_FLAGS = "-fno-objc-arc"; }; };
		AE86EECE18316CA800F74F1D /* Mp3ConverterInterface.m in Sources */ = {isa = PBXBuildFile; fileRef = AE86EEC718316CA800F74F1D /* Mp3ConverterInterface.m */; };
		AE86EED41832C69600F74F1D /* SNCHomeViewController.m in Sources */ = {isa = PBXBuildFile; fileRef = AE86EED31832C69600F74F1D /* SNCHomeViewController.m */; };
		AE86EED71832E07600F74F1D /* SonicPlayerView.m in Sources */ = {isa = PBXBuildFile; fileRef = AE86EED61832E07600F74F1D /* SonicPlayerView.m */; };
		AE86EEDA1835590F00F74F1D /* SNCHomeTableCell.m in Sources */ = {isa = PBXBuildFile; fileRef = AE86EED91835590F00F74F1D /* SNCHomeTableCell.m */; };
		AE86EEDD1837EA3E00F74F1D /* Sonic.m in Sources */ = {isa = PBXBuildFile; fileRef = AE86EEDC1837EA3E00F74F1D /* Sonic.m */; };
		AE86EEE01837EA7E00F74F1D /* User.m in Sources */ = {isa = PBXBuildFile; fileRef = AE86EEDF1837EA7E00F74F1D /* User.m */; };
		AE977196186DD2CC009D0298 /* 2013-11-07 09.52.53@2x.jpg in Resources */ = {isa = PBXBuildFile; fileRef = AE977195186DD2CC009D0298 /* 2013-11-07 09.52.53@2x.jpg */; };
		AE9ABCF818797E15008FE96B /* SonicCollectionViewCell.m in Sources */ = {isa = PBXBuildFile; fileRef = AE9ABCF718797E15008FE96B /* SonicCollectionViewCell.m */; };
		AE9ABCFB18799E71008FE96B /* SNCFollowerFollowingViewController.m in Sources */ = {isa = PBXBuildFile; fileRef = AE9ABCFA18799E71008FE96B /* SNCFollowerFollowingViewController.m */; };
		AE9ABCFE187A0DC9008FE96B /* SNCPersonTableCell.m in Sources */ = {isa = PBXBuildFile; fileRef = AE9ABCFD187A0DC9008FE96B /* SNCPersonTableCell.m */; };
		AEB945961874D2D000FCE111 /* CommentGrey@2x.png in Resources */ = {isa = PBXBuildFile; fileRef = AEB945901874D2D000FCE111 /* CommentGrey@2x.png */; };
		AEB945971874D2D000FCE111 /* CommentPink@2x.png in Resources */ = {isa = PBXBuildFile; fileRef = AEB945911874D2D000FCE111 /* CommentPink@2x.png */; };
		AEB945981874D2D000FCE111 /* HeartGrey@2x.png in Resources */ = {isa = PBXBuildFile; fileRef = AEB945921874D2D000FCE111 /* HeartGrey@2x.png */; };
		AEB945991874D2D000FCE111 /* HeartPink@2x.png in Resources */ = {isa = PBXBuildFile; fileRef = AEB945931874D2D000FCE111 /* HeartPink@2x.png */; };
		AEB9459A1874D2D000FCE111 /* ReSonicGrey@2x.png in Resources */ = {isa = PBXBuildFile; fileRef = AEB945941874D2D000FCE111 /* ReSonicGrey@2x.png */; };
		AEB9459B1874D2D000FCE111 /* ReSonicPink@2x.png in Resources */ = {isa = PBXBuildFile; fileRef = AEB945951874D2D000FCE111 /* ReSonicPink@2x.png */; };
		AEB945A11874DA3200FCE111 /* SegmentedBar.m in Sources */ = {isa = PBXBuildFile; fileRef = AEB945A01874DA3200FCE111 /* SegmentedBar.m */; };
		AEB945A51874DE5800FCE111 /* SegmentedButtonBarSeperator@2x.png in Resources */ = {isa = PBXBuildFile; fileRef = AEB945A41874DE5800FCE111 /* SegmentedButtonBarSeperator@2x.png */; };
		AEB945A71874F08000FCE111 /* 44PXLabelWithShadow@2x.png in Resources */ = {isa = PBXBuildFile; fileRef = AEB945A61874F08000FCE111 /* 44PXLabelWithShadow@2x.png */; };
		AEB945A91874F32800FCE111 /* Shadow@2x.png in Resources */ = {isa = PBXBuildFile; fileRef = AEB945A81874F32800FCE111 /* Shadow@2x.png */; };
		AEB945AB1875064D00FCE111 /* MoreWhite@2x.png in Resources */ = {isa = PBXBuildFile; fileRef = AEB945AA1875064D00FCE111 /* MoreWhite@2x.png */; };
		AEB945EF1876047900FCE111 /* SonicCommentCell.m in Sources */ = {isa = PBXBuildFile; fileRef = AEB945EE1876047900FCE111 /* SonicCommentCell.m */; };
		AEB945F91877566D00FCE111 /* ViewListDarkGrey@2x.png in Resources */ = {isa = PBXBuildFile; fileRef = AEB945F51877566D00FCE111 /* ViewListDarkGrey@2x.png */; };
		AEB945FA1877566D00FCE111 /* ViewListPink@2x.png in Resources */ = {isa = PBXBuildFile; fileRef = AEB945F61877566D00FCE111 /* ViewListPink@2x.png */; };
		AEB945FB1877566D00FCE111 /* ViewThumbnailDarkGrey@2x.png in Resources */ = {isa = PBXBuildFile; fileRef = AEB945F71877566D00FCE111 /* ViewThumbnailDarkGrey@2x.png */; };
		AEB945FC1877566D00FCE111 /* ViewThumbnailPink@2x.png in Resources */ = {isa = PBXBuildFile; fileRef = AEB945F81877566D00FCE111 /* ViewThumbnailPink@2x.png */; };
		AEB946011877571B00FCE111 /* ProfileHeaderView.m in Sources */ = {isa = PBXBuildFile; fileRef = AEB946001877571B00FCE111 /* ProfileHeaderView.m */; };
		AEB9F7AD187B34EC005F4988 /* SNCSettingsViewController.m in Sources */ = {isa = PBXBuildFile; fileRef = AEB9F7AC187B34EC005F4988 /* SNCSettingsViewController.m */; };
		AEB9F7B2187B442E005F4988 /* Settings@2x.png in Resources */ = {isa = PBXBuildFile; fileRef = AEB9F7B1187B442E005F4988 /* Settings@2x.png */; };
		AEB9F7B9187B521F005F4988 /* SNCRegisterViewController.m in Sources */ = {isa = PBXBuildFile; fileRef = AEB9F7B8187B521F005F4988 /* SNCRegisterViewController.m */; };
		AECBA6411856408600DE8EDE /* SNCLoginViewController.m in Sources */ = {isa = PBXBuildFile; fileRef = AECBA6401856408600DE8EDE /* SNCLoginViewController.m */; };
		AECBA64318564D9D00DE8EDE /* QuartzCore.framework in Frameworks */ = {isa = PBXBuildFile; fileRef = AECBA64218564D9D00DE8EDE /* QuartzCore.framework */; };
		AED56E9C1801A35D000DF866 /* Foundation.framework in Frameworks */ = {isa = PBXBuildFile; fileRef = AED56E9B1801A35D000DF866 /* Foundation.framework */; };
		AED56E9E1801A35D000DF866 /* CoreGraphics.framework in Frameworks */ = {isa = PBXBuildFile; fileRef = AED56E9D1801A35D000DF866 /* CoreGraphics.framework */; };
		AED56EA01801A35D000DF866 /* UIKit.framework in Frameworks */ = {isa = PBXBuildFile; fileRef = AED56E9F1801A35D000DF866 /* UIKit.framework */; };
		AED56EA21801A35D000DF866 /* CoreData.framework in Frameworks */ = {isa = PBXBuildFile; fileRef = AED56EA11801A35D000DF866 /* CoreData.framework */; };
		AED56EA81801A35D000DF866 /* InfoPlist.strings in Resources */ = {isa = PBXBuildFile; fileRef = AED56EA61801A35D000DF866 /* InfoPlist.strings */; };
		AED56EAA1801A35D000DF866 /* main.m in Sources */ = {isa = PBXBuildFile; fileRef = AED56EA91801A35D000DF866 /* main.m */; };
		AED56EAE1801A35D000DF866 /* SNCAppDelegate.m in Sources */ = {isa = PBXBuildFile; fileRef = AED56EAD1801A35D000DF866 /* SNCAppDelegate.m */; };
		AED56EB11801A35D000DF866 /* Main.storyboard in Resources */ = {isa = PBXBuildFile; fileRef = AED56EAF1801A35D000DF866 /* Main.storyboard */; };
		AED56EB41801A35D000DF866 /* sonicraph.xcdatamodeld in Sources */ = {isa = PBXBuildFile; fileRef = AED56EB21801A35D000DF866 /* sonicraph.xcdatamodeld */; };
		AED56EBC1801A35D000DF866 /* Images.xcassets in Resources */ = {isa = PBXBuildFile; fileRef = AED56EBB1801A35D000DF866 /* Images.xcassets */; };
		AED56EF11801A39F000DF866 /* NSAlert+MKNetworkKitAdditions.m in Sources */ = {isa = PBXBuildFile; fileRef = AED56EDC1801A39F000DF866 /* NSAlert+MKNetworkKitAdditions.m */; };
		AED56EF21801A39F000DF866 /* NSData+MKBase64.m in Sources */ = {isa = PBXBuildFile; fileRef = AED56EDE1801A39F000DF866 /* NSData+MKBase64.m */; };
		AED56EF31801A39F000DF866 /* NSDate+RFC1123.m in Sources */ = {isa = PBXBuildFile; fileRef = AED56EE01801A39F000DF866 /* NSDate+RFC1123.m */; };
		AED56EF41801A39F000DF866 /* NSDictionary+RequestEncoding.m in Sources */ = {isa = PBXBuildFile; fileRef = AED56EE21801A39F000DF866 /* NSDictionary+RequestEncoding.m */; };
		AED56EF51801A39F000DF866 /* NSString+MKNetworkKitAdditions.m in Sources */ = {isa = PBXBuildFile; fileRef = AED56EE41801A39F000DF866 /* NSString+MKNetworkKitAdditions.m */; };
		AED56EF61801A39F000DF866 /* UIAlertView+MKNetworkKitAdditions.m in Sources */ = {isa = PBXBuildFile; fileRef = AED56EE61801A39F000DF866 /* UIAlertView+MKNetworkKitAdditions.m */; };
		AED56EF71801A39F000DF866 /* UIImageView+MKNetworkKitAdditions.m in Sources */ = {isa = PBXBuildFile; fileRef = AED56EE81801A39F000DF866 /* UIImageView+MKNetworkKitAdditions.m */; };
		AED56EF81801A39F000DF866 /* MKNetworkEngine.m in Sources */ = {isa = PBXBuildFile; fileRef = AED56EEA1801A39F000DF866 /* MKNetworkEngine.m */; };
		AED56EF91801A39F000DF866 /* MKNetworkOperation.m in Sources */ = {isa = PBXBuildFile; fileRef = AED56EED1801A39F000DF866 /* MKNetworkOperation.m */; };
		AED56EFA1801A39F000DF866 /* Reachability.m in Sources */ = {isa = PBXBuildFile; fileRef = AED56EF01801A39F000DF866 /* Reachability.m */; };
		AED56F081801B425000DF866 /* SNCAPITest.m in Sources */ = {isa = PBXBuildFile; fileRef = AED56F071801B425000DF866 /* SNCAPITest.m */; };
		AEDAADDB185C9A41001DD389 /* CameraBackFrontWhite@2x.png in Resources */ = {isa = PBXBuildFile; fileRef = AEDAADDA185C9A41001DD389 /* CameraBackFrontWhite@2x.png */; };
		AEDAADDD185CA013001DD389 /* Share@2x.png in Resources */ = {isa = PBXBuildFile; fileRef = AEDAADDC185CA013001DD389 /* Share@2x.png */; };
		AEDAADF3185DB334001DD389 /* ShareWhite@2x.png in Resources */ = {isa = PBXBuildFile; fileRef = AEDAADEF185DB334001DD389 /* ShareWhite@2x.png */; };
		AEDAADF6185DB802001DD389 /* SNCTabbarController.m in Sources */ = {isa = PBXBuildFile; fileRef = AEDAADF5185DB802001DD389 /* SNCTabbarController.m */; };
		AEDAADFD185DB8A4001DD389 /* CameraTBWhite@2x.png in Resources */ = {isa = PBXBuildFile; fileRef = AEDAADF8185DB8A4001DD389 /* CameraTBWhite@2x.png */; };
		AEDAADFE185DB8A4001DD389 /* EyeWhite@2x.png in Resources */ = {isa = PBXBuildFile; fileRef = AEDAADF9185DB8A4001DD389 /* EyeWhite@2x.png */; };
		AEDAADFF185DB8A4001DD389 /* GlobeWhite@2x.png in Resources */ = {isa = PBXBuildFile; fileRef = AEDAADFA185DB8A4001DD389 /* GlobeWhite@2x.png */; };
		AEDAAE00185DB8A4001DD389 /* HeartWhite@2x.png in Resources */ = {isa = PBXBuildFile; fileRef = AEDAADFB185DB8A4001DD389 /* HeartWhite@2x.png */; };
		AEDAAE01185DB8A4001DD389 /* SetignsWhite@2x.png in Resources */ = {isa = PBXBuildFile; fileRef = AEDAADFC185DB8A4001DD389 /* SetignsWhite@2x.png */; };
		AEDAAE03185DB900001DD389 /* UserWhite@2x.png in Resources */ = {isa = PBXBuildFile; fileRef = AEDAAE02185DB900001DD389 /* UserWhite@2x.png */; };
		AEDAAE06185DBD77001DD389 /* UIButton+StateProperties.m in Sources */ = {isa = PBXBuildFile; fileRef = AEDAAE05185DBD77001DD389 /* UIButton+StateProperties.m */; };
		AEDAAE0D185DDAFC001DD389 /* TypeDefs.m in Sources */ = {isa = PBXBuildFile; fileRef = AEDAAE0C185DDAFC001DD389 /* TypeDefs.m */; };
		AEDAAE1018623B0F001DD389 /* SNCSoundSlider.m in Sources */ = {isa = PBXBuildFile; fileRef = AEDAAE0F18623B0F001DD389 /* SNCSoundSlider.m */; };
		AEDAAE1618639AF1001DD389 /* SecondsNumbers@2x.png in Resources */ = {isa = PBXBuildFile; fileRef = AEDAAE1518639AF1001DD389 /* SecondsNumbers@2x.png */; };
		AEDAAE191863A015001DD389 /* UIImage+imageForSoundData.m in Sources */ = {isa = PBXBuildFile; fileRef = AEDAAE181863A015001DD389 /* UIImage+imageForSoundData.m */; settings = {COMPILER_FLAGS = "-fno-objc-arc"; }; };
		AEDAAE1B1863AEE1001DD389 /* PhotoBaseWithLogo@2x.png in Resources */ = {isa = PBXBuildFile; fileRef = AEDAAE1A1863AEE1001DD389 /* PhotoBaseWithLogo@2x.png */; };
		AEDAAE1D1864CCB3001DD389 /* MicrophoneWhite@2x.png in Resources */ = {isa = PBXBuildFile; fileRef = AEDAAE1C1864CCB3001DD389 /* MicrophoneWhite@2x.png */; };
		AEDAAE2418650B5B001DD389 /* NSDate+NVTimeAgo.m in Sources */ = {isa = PBXBuildFile; fileRef = AEDAAE2318650B5B001DD389 /* NSDate+NVTimeAgo.m */; };
		AEDAAE2618657221001DD389 /* TrimHandleBig@2x.png in Resources */ = {isa = PBXBuildFile; fileRef = AEDAAE2518657221001DD389 /* TrimHandleBig@2x.png */; };
		AEDAAE2F186591BA001DD389 /* FacebookIcon@2x.png in Resources */ = {isa = PBXBuildFile; fileRef = AEDAAE2D186591BA001DD389 /* FacebookIcon@2x.png */; };
		AEDAAE30186591BA001DD389 /* TwitterIcon@2x.png in Resources */ = {isa = PBXBuildFile; fileRef = AEDAAE2E186591BA001DD389 /* TwitterIcon@2x.png */; };
		AEDAAE321865939C001DD389 /* Paused@2x.png in Resources */ = {isa = PBXBuildFile; fileRef = AEDAAE311865939C001DD389 /* Paused@2x.png */; };
		AEDAAE3418663176001DD389 /* AdCommentBoxWhite@2x.png in Resources */ = {isa = PBXBuildFile; fileRef = AEDAAE3318663176001DD389 /* AdCommentBoxWhite@2x.png */; };
		AEDAAE371866D184001DD389 /* SNCSonicViewController.m in Sources */ = {isa = PBXBuildFile; fileRef = AEDAAE361866D184001DD389 /* SNCSonicViewController.m */; };
/* End PBXBuildFile section */

/* Begin PBXFileReference section */
		AE15965E18142C6300929D1D /* Camera Button.png */ = {isa = PBXFileReference; lastKnownFileType = image.png; path = "Camera Button.png"; sourceTree = "<group>"; };
		AE15965F18142C6300929D1D /* Camera Flash@2x.png */ = {isa = PBXFileReference; lastKnownFileType = image.png; path = "Camera Flash@2x.png"; sourceTree = "<group>"; };
		AE15966018142C6300929D1D /* Camera Front and Back.png */ = {isa = PBXFileReference; lastKnownFileType = image.png; path = "Camera Front and Back.png"; sourceTree = "<group>"; };
		AE15966118142C6300929D1D /* Cancel.png */ = {isa = PBXFileReference; lastKnownFileType = image.png; path = Cancel.png; sourceTree = "<group>"; };
		AE15966218142C6300929D1D /* Film.png */ = {isa = PBXFileReference; lastKnownFileType = image.png; path = Film.png; sourceTree = "<group>"; };
		AE15966318142C6300929D1D /* Option.png */ = {isa = PBXFileReference; lastKnownFileType = image.png; path = Option.png; sourceTree = "<group>"; };
		AE15967A181BE95E00929D1D /* AVFoundation.framework */ = {isa = PBXFileReference; lastKnownFileType = wrapper.framework; name = AVFoundation.framework; path = System/Library/Frameworks/AVFoundation.framework; sourceTree = SDKROOT; };
		AE15967C181BF64800929D1D /* AudioToolbox.framework */ = {isa = PBXFileReference; lastKnownFileType = wrapper.framework; name = AudioToolbox.framework; path = System/Library/Frameworks/AudioToolbox.framework; sourceTree = SDKROOT; };
		AE159694181C15AE00929D1D /* Sound Button.png */ = {isa = PBXFileReference; lastKnownFileType = image.png; path = "Sound Button.png"; sourceTree = "<group>"; };
		AE1596B6182452CF00929D1D /* slider-default7-trackBackground.png */ = {isa = PBXFileReference; lastKnownFileType = image.png; path = "slider-default7-trackBackground.png"; sourceTree = "<group>"; };
		AE1596B7182452CF00929D1D /* slider-default7-trackBackground@2x.png */ = {isa = PBXFileReference; lastKnownFileType = image.png; path = "slider-default7-trackBackground@2x.png"; sourceTree = "<group>"; };
		AE1596B8182452CF00929D1D /* slider-default7-trackCrossedOver.png */ = {isa = PBXFileReference; lastKnownFileType = image.png; path = "slider-default7-trackCrossedOver.png"; sourceTree = "<group>"; };
		AE1596B9182452CF00929D1D /* slider-default7-trackCrossedOver@2x.png */ = {isa = PBXFileReference; lastKnownFileType = image.png; path = "slider-default7-trackCrossedOver@2x.png"; sourceTree = "<group>"; };
		AE2B4E7B18737677006BD456 /* SonicViewControllerHeaderView.h */ = {isa = PBXFileReference; fileEncoding = 4; lastKnownFileType = sourcecode.c.h; path = SonicViewControllerHeaderView.h; sourceTree = "<group>"; };
		AE2B4E7C18737677006BD456 /* SonicViewControllerHeaderView.m */ = {isa = PBXFileReference; fileEncoding = 4; lastKnownFileType = sourcecode.c.objc; path = SonicViewControllerHeaderView.m; sourceTree = "<group>"; };
		AE2B4E7E187457E6006BD456 /* SonicComment.h */ = {isa = PBXFileReference; fileEncoding = 4; lastKnownFileType = sourcecode.c.h; path = SonicComment.h; sourceTree = "<group>"; };
		AE2B4E7F187457E6006BD456 /* SonicComment.m */ = {isa = PBXFileReference; fileEncoding = 4; lastKnownFileType = sourcecode.c.objc; path = SonicComment.m; sourceTree = "<group>"; };
		AE637F32184BBCE700DDEE21 /* AuthenticationManager.h */ = {isa = PBXFileReference; fileEncoding = 4; lastKnownFileType = sourcecode.c.h; path = AuthenticationManager.h; sourceTree = "<group>"; };
		AE637F33184BBCE700DDEE21 /* AuthenticationManager.m */ = {isa = PBXFileReference; fileEncoding = 4; lastKnownFileType = sourcecode.c.objc; path = AuthenticationManager.m; sourceTree = "<group>"; };
		AE86EE79182C0DA800F74F1D /* SonicData.h */ = {isa = PBXFileReference; fileEncoding = 4; lastKnownFileType = sourcecode.c.h; path = SonicData.h; sourceTree = "<group>"; };
		AE86EE7A182C0DA800F74F1D /* SonicData.m */ = {isa = PBXFileReference; fileEncoding = 4; lastKnownFileType = sourcecode.c.objc; path = SonicData.m; sourceTree = "<group>"; };
		AE86EE7D182C0DC000F74F1D /* NMRangeSlider.h */ = {isa = PBXFileReference; fileEncoding = 4; lastKnownFileType = sourcecode.c.h; path = NMRangeSlider.h; sourceTree = "<group>"; };
		AE86EE7E182C0DC000F74F1D /* NMRangeSlider.m */ = {isa = PBXFileReference; fileEncoding = 4; lastKnownFileType = sourcecode.c.objc; path = NMRangeSlider.m; sourceTree = "<group>"; };
		AE86EE81182C0DD700F74F1D /* TypeDefs.h */ = {isa = PBXFileReference; fileEncoding = 4; lastKnownFileType = sourcecode.c.h; path = TypeDefs.h; sourceTree = "<group>"; };
		AE86EE84182C0DF300F74F1D /* JSONKit.h */ = {isa = PBXFileReference; fileEncoding = 4; lastKnownFileType = sourcecode.c.h; path = JSONKit.h; sourceTree = "<group>"; };
		AE86EE85182C0DF300F74F1D /* JSONKit.m */ = {isa = PBXFileReference; fileEncoding = 4; lastKnownFileType = sourcecode.c.objc; path = JSONKit.m; sourceTree = "<group>"; };
		AE86EE86182C0DF300F74F1D /* SNCAPIConnector.h */ = {isa = PBXFileReference; fileEncoding = 4; lastKnownFileType = sourcecode.c.h; path = SNCAPIConnector.h; sourceTree = "<group>"; };
		AE86EE87182C0DF300F74F1D /* SNCAPIConnector.m */ = {isa = PBXFileReference; fileEncoding = 4; lastKnownFileType = sourcecode.c.objc; path = SNCAPIConnector.m; sourceTree = "<group>"; };
		AE86EE88182C0DF300F74F1D /* UIImage+scaleToSize.h */ = {isa = PBXFileReference; fileEncoding = 4; lastKnownFileType = sourcecode.c.h; path = "UIImage+scaleToSize.h"; sourceTree = "<group>"; };
		AE86EE89182C0DF300F74F1D /* UIImage+scaleToSize.m */ = {isa = PBXFileReference; fileEncoding = 4; lastKnownFileType = sourcecode.c.objc; path = "UIImage+scaleToSize.m"; sourceTree = "<group>"; };
		AE86EE8E182C0E0E00F74F1D /* SNCCameraViewController.h */ = {isa = PBXFileReference; fileEncoding = 4; lastKnownFileType = sourcecode.c.h; path = SNCCameraViewController.h; sourceTree = "<group>"; };
		AE86EE8F182C0E0E00F74F1D /* SNCCameraViewController.m */ = {isa = PBXFileReference; fileEncoding = 4; lastKnownFileType = sourcecode.c.objc; path = SNCCameraViewController.m; sourceTree = "<group>"; };
		AE86EE90182C0E0E00F74F1D /* SNCEditViewController.h */ = {isa = PBXFileReference; fileEncoding = 4; lastKnownFileType = sourcecode.c.h; path = SNCEditViewController.h; sourceTree = "<group>"; };
		AE86EE91182C0E0E00F74F1D /* SNCEditViewController.m */ = {isa = PBXFileReference; fileEncoding = 4; lastKnownFileType = sourcecode.c.objc; path = SNCEditViewController.m; sourceTree = "<group>"; };
		AE86EE92182C0E0E00F74F1D /* SNCShareViewController.h */ = {isa = PBXFileReference; fileEncoding = 4; lastKnownFileType = sourcecode.c.h; path = SNCShareViewController.h; sourceTree = "<group>"; };
		AE86EE93182C0E0E00F74F1D /* SNCShareViewController.m */ = {isa = PBXFileReference; fileEncoding = 4; lastKnownFileType = sourcecode.c.objc; path = SNCShareViewController.m; sourceTree = "<group>"; };
		AE86EE97182D7D2000F74F1D /* SNCProfileViewController.h */ = {isa = PBXFileReference; fileEncoding = 4; lastKnownFileType = sourcecode.c.h; path = SNCProfileViewController.h; sourceTree = "<group>"; };
		AE86EE98182D7D2000F74F1D /* SNCProfileViewController.m */ = {isa = PBXFileReference; fileEncoding = 4; lastKnownFileType = sourcecode.c.objc; path = SNCProfileViewController.m; sourceTree = "<group>"; };
		AE86EE9A182E741900F74F1D /* NSData+Base64.h */ = {isa = PBXFileReference; fileEncoding = 4; lastKnownFileType = sourcecode.c.h; path = "NSData+Base64.h"; sourceTree = "<group>"; };
		AE86EE9B182E741900F74F1D /* NSData+Base64.m */ = {isa = PBXFileReference; fileEncoding = 4; lastKnownFileType = sourcecode.c.objc; path = "NSData+Base64.m"; sourceTree = "<group>"; };
		AE86EE9D1831547600F74F1D /* SonicManagedObject.h */ = {isa = PBXFileReference; fileEncoding = 4; lastKnownFileType = sourcecode.c.h; path = SonicManagedObject.h; sourceTree = "<group>"; };
		AE86EE9E1831547600F74F1D /* SonicManagedObject.m */ = {isa = PBXFileReference; fileEncoding = 4; lastKnownFileType = sourcecode.c.objc; path = SonicManagedObject.m; sourceTree = "<group>"; };
		AE86EEA6183158D300F74F1D /* UserManagedObject.h */ = {isa = PBXFileReference; fileEncoding = 4; lastKnownFileType = sourcecode.c.h; path = UserManagedObject.h; sourceTree = "<group>"; };
		AE86EEA7183158D300F74F1D /* UserManagedObject.m */ = {isa = PBXFileReference; fileEncoding = 4; lastKnownFileType = sourcecode.c.objc; path = UserManagedObject.m; sourceTree = "<group>"; };
		AE86EEAD18316BC500F74F1D /* DatabaseManager.h */ = {isa = PBXFileReference; fileEncoding = 4; lastKnownFileType = sourcecode.c.h; path = DatabaseManager.h; sourceTree = "<group>"; };
		AE86EEAE18316BC500F74F1D /* DatabaseManager.m */ = {isa = PBXFileReference; fileEncoding = 4; lastKnownFileType = sourcecode.c.objc; path = DatabaseManager.m; sourceTree = "<group>"; };
		AE86EEAF18316BC500F74F1D /* SNCAPIManager.h */ = {isa = PBXFileReference; fileEncoding = 4; lastKnownFileType = sourcecode.c.h; path = SNCAPIManager.h; sourceTree = "<group>"; };
		AE86EEB018316BC500F74F1D /* SNCAPIManager.m */ = {isa = PBXFileReference; fileEncoding = 4; lastKnownFileType = sourcecode.c.objc; path = SNCAPIManager.m; sourceTree = "<group>"; };
		AE86EEB118316BC500F74F1D /* SonicraphMediaManager.h */ = {isa = PBXFileReference; fileEncoding = 4; lastKnownFileType = sourcecode.c.h; path = SonicraphMediaManager.h; sourceTree = "<group>"; };
		AE86EEB218316BC500F74F1D /* SonicraphMediaManager.m */ = {isa = PBXFileReference; fileEncoding = 4; lastKnownFileType = sourcecode.c.objc; path = SonicraphMediaManager.m; sourceTree = "<group>"; };
		AE86EEB918316CA700F74F1D /* lame.h */ = {isa = PBXFileReference; fileEncoding = 4; lastKnownFileType = sourcecode.c.h; path = lame.h; sourceTree = "<group>"; };
		AE86EEBB18316CA800F74F1D /* libmp3lame.a */ = {isa = PBXFileReference; lastKnownFileType = archive.ar; path = libmp3lame.a; sourceTree = "<group>"; };
		AE86EEBC18316CA800F74F1D /* AudioConverter-Prefix.pch */ = {isa = PBXFileReference; fileEncoding = 4; lastKnownFileType = sourcecode.c.h; path = "AudioConverter-Prefix.pch"; sourceTree = "<group>"; };
		AE86EEBD18316CA800F74F1D /* AudioConverter.a */ = {isa = PBXFileReference; lastKnownFileType = archive.ar; path = AudioConverter.a; sourceTree = "<group>"; };
		AE86EEBE18316CA800F74F1D /* AudioConverter.h */ = {isa = PBXFileReference; fileEncoding = 4; lastKnownFileType = sourcecode.c.h; path = AudioConverter.h; sourceTree = "<group>"; };
		AE86EEBF18316CA800F74F1D /* AudioConverter.m */ = {isa = PBXFileReference; fileEncoding = 4; lastKnownFileType = sourcecode.c.objc; path = AudioConverter.m; sourceTree = "<group>"; };
		AE86EEC118316CA800F74F1D /* AudioConverterKitforiOS.pdf */ = {isa = PBXFileReference; lastKnownFileType = image.pdf; path = AudioConverterKitforiOS.pdf; sourceTree = "<group>"; };
		AE86EEC218316CA800F74F1D /* MP3Converter-Prefix.pch */ = {isa = PBXFileReference; fileEncoding = 4; lastKnownFileType = sourcecode.c.h; path = "MP3Converter-Prefix.pch"; sourceTree = "<group>"; };
		AE86EEC318316CA800F74F1D /* MP3Converter.a */ = {isa = PBXFileReference; lastKnownFileType = archive.ar; path = MP3Converter.a; sourceTree = "<group>"; };
		AE86EEC418316CA800F74F1D /* MP3Converter.h */ = {isa = PBXFileReference; fileEncoding = 4; lastKnownFileType = sourcecode.c.h; path = MP3Converter.h; sourceTree = "<group>"; };
		AE86EEC518316CA800F74F1D /* MP3Converter.m */ = {isa = PBXFileReference; fileEncoding = 4; lastKnownFileType = sourcecode.c.objc; path = MP3Converter.m; sourceTree = "<group>"; };
		AE86EEC618316CA800F74F1D /* Mp3ConverterInterface.h */ = {isa = PBXFileReference; fileEncoding = 4; lastKnownFileType = sourcecode.c.h; path = Mp3ConverterInterface.h; sourceTree = "<group>"; };
		AE86EEC718316CA800F74F1D /* Mp3ConverterInterface.m */ = {isa = PBXFileReference; fileEncoding = 4; lastKnownFileType = sourcecode.c.objc; path = Mp3ConverterInterface.m; sourceTree = "<group>"; };
		AE86EED21832C69600F74F1D /* SNCHomeViewController.h */ = {isa = PBXFileReference; fileEncoding = 4; lastKnownFileType = sourcecode.c.h; path = SNCHomeViewController.h; sourceTree = "<group>"; };
		AE86EED31832C69600F74F1D /* SNCHomeViewController.m */ = {isa = PBXFileReference; fileEncoding = 4; lastKnownFileType = sourcecode.c.objc; path = SNCHomeViewController.m; sourceTree = "<group>"; };
		AE86EED51832E07600F74F1D /* SonicPlayerView.h */ = {isa = PBXFileReference; fileEncoding = 4; lastKnownFileType = sourcecode.c.h; path = SonicPlayerView.h; sourceTree = "<group>"; };
		AE86EED61832E07600F74F1D /* SonicPlayerView.m */ = {isa = PBXFileReference; fileEncoding = 4; lastKnownFileType = sourcecode.c.objc; path = SonicPlayerView.m; sourceTree = "<group>"; };
		AE86EED81835590F00F74F1D /* SNCHomeTableCell.h */ = {isa = PBXFileReference; fileEncoding = 4; lastKnownFileType = sourcecode.c.h; path = SNCHomeTableCell.h; sourceTree = "<group>"; };
		AE86EED91835590F00F74F1D /* SNCHomeTableCell.m */ = {isa = PBXFileReference; fileEncoding = 4; lastKnownFileType = sourcecode.c.objc; path = SNCHomeTableCell.m; sourceTree = "<group>"; };
		AE86EEDB1837EA3E00F74F1D /* Sonic.h */ = {isa = PBXFileReference; fileEncoding = 4; lastKnownFileType = sourcecode.c.h; path = Sonic.h; sourceTree = "<group>"; };
		AE86EEDC1837EA3E00F74F1D /* Sonic.m */ = {isa = PBXFileReference; fileEncoding = 4; lastKnownFileType = sourcecode.c.objc; path = Sonic.m; sourceTree = "<group>"; };
		AE86EEDE1837EA7E00F74F1D /* User.h */ = {isa = PBXFileReference; fileEncoding = 4; lastKnownFileType = sourcecode.c.h; path = User.h; sourceTree = "<group>"; };
		AE86EEDF1837EA7E00F74F1D /* User.m */ = {isa = PBXFileReference; fileEncoding = 4; lastKnownFileType = sourcecode.c.objc; path = User.m; sourceTree = "<group>"; };
		AE977195186DD2CC009D0298 /* 2013-11-07 09.52.53@2x.jpg */ = {isa = PBXFileReference; lastKnownFileType = image.jpeg; path = "2013-11-07 09.52.53@2x.jpg"; sourceTree = "<group>"; };
		AE9ABCF618797E15008FE96B /* SonicCollectionViewCell.h */ = {isa = PBXFileReference; fileEncoding = 4; lastKnownFileType = sourcecode.c.h; path = SonicCollectionViewCell.h; sourceTree = "<group>"; };
		AE9ABCF718797E15008FE96B /* SonicCollectionViewCell.m */ = {isa = PBXFileReference; fileEncoding = 4; lastKnownFileType = sourcecode.c.objc; path = SonicCollectionViewCell.m; sourceTree = "<group>"; };
		AE9ABCF918799E71008FE96B /* SNCFollowerFollowingViewController.h */ = {isa = PBXFileReference; fileEncoding = 4; lastKnownFileType = sourcecode.c.h; path = SNCFollowerFollowingViewController.h; sourceTree = "<group>"; };
		AE9ABCFA18799E71008FE96B /* SNCFollowerFollowingViewController.m */ = {isa = PBXFileReference; fileEncoding = 4; lastKnownFileType = sourcecode.c.objc; path = SNCFollowerFollowingViewController.m; sourceTree = "<group>"; };
		AE9ABCFC187A0DC9008FE96B /* SNCPersonTableCell.h */ = {isa = PBXFileReference; fileEncoding = 4; lastKnownFileType = sourcecode.c.h; path = SNCPersonTableCell.h; sourceTree = "<group>"; };
		AE9ABCFD187A0DC9008FE96B /* SNCPersonTableCell.m */ = {isa = PBXFileReference; fileEncoding = 4; lastKnownFileType = sourcecode.c.objc; path = SNCPersonTableCell.m; sourceTree = "<group>"; };
		AEB945901874D2D000FCE111 /* CommentGrey@2x.png */ = {isa = PBXFileReference; lastKnownFileType = image.png; path = "CommentGrey@2x.png"; sourceTree = "<group>"; };
		AEB945911874D2D000FCE111 /* CommentPink@2x.png */ = {isa = PBXFileReference; lastKnownFileType = image.png; path = "CommentPink@2x.png"; sourceTree = "<group>"; };
		AEB945921874D2D000FCE111 /* HeartGrey@2x.png */ = {isa = PBXFileReference; lastKnownFileType = image.png; path = "HeartGrey@2x.png"; sourceTree = "<group>"; };
		AEB945931874D2D000FCE111 /* HeartPink@2x.png */ = {isa = PBXFileReference; lastKnownFileType = image.png; path = "HeartPink@2x.png"; sourceTree = "<group>"; };
		AEB945941874D2D000FCE111 /* ReSonicGrey@2x.png */ = {isa = PBXFileReference; lastKnownFileType = image.png; path = "ReSonicGrey@2x.png"; sourceTree = "<group>"; };
		AEB945951874D2D000FCE111 /* ReSonicPink@2x.png */ = {isa = PBXFileReference; lastKnownFileType = image.png; path = "ReSonicPink@2x.png"; sourceTree = "<group>"; };
		AEB9459F1874DA3200FCE111 /* SegmentedBar.h */ = {isa = PBXFileReference; fileEncoding = 4; lastKnownFileType = sourcecode.c.h; path = SegmentedBar.h; sourceTree = "<group>"; };
		AEB945A01874DA3200FCE111 /* SegmentedBar.m */ = {isa = PBXFileReference; fileEncoding = 4; lastKnownFileType = sourcecode.c.objc; path = SegmentedBar.m; sourceTree = "<group>"; };
		AEB945A41874DE5800FCE111 /* SegmentedButtonBarSeperator@2x.png */ = {isa = PBXFileReference; lastKnownFileType = image.png; path = "SegmentedButtonBarSeperator@2x.png"; sourceTree = "<group>"; };
		AEB945A61874F08000FCE111 /* 44PXLabelWithShadow@2x.png */ = {isa = PBXFileReference; lastKnownFileType = image.png; path = "44PXLabelWithShadow@2x.png"; sourceTree = "<group>"; };
		AEB945A81874F32800FCE111 /* Shadow@2x.png */ = {isa = PBXFileReference; lastKnownFileType = image.png; path = "Shadow@2x.png"; sourceTree = "<group>"; };
		AEB945AA1875064D00FCE111 /* MoreWhite@2x.png */ = {isa = PBXFileReference; lastKnownFileType = image.png; path = "MoreWhite@2x.png"; sourceTree = "<group>"; };
		AEB945ED1876047900FCE111 /* SonicCommentCell.h */ = {isa = PBXFileReference; fileEncoding = 4; lastKnownFileType = sourcecode.c.h; path = SonicCommentCell.h; sourceTree = "<group>"; };
		AEB945EE1876047900FCE111 /* SonicCommentCell.m */ = {isa = PBXFileReference; fileEncoding = 4; lastKnownFileType = sourcecode.c.objc; path = SonicCommentCell.m; sourceTree = "<group>"; };
		AEB945F51877566D00FCE111 /* ViewListDarkGrey@2x.png */ = {isa = PBXFileReference; lastKnownFileType = image.png; path = "ViewListDarkGrey@2x.png"; sourceTree = "<group>"; };
		AEB945F61877566D00FCE111 /* ViewListPink@2x.png */ = {isa = PBXFileReference; lastKnownFileType = image.png; path = "ViewListPink@2x.png"; sourceTree = "<group>"; };
		AEB945F71877566D00FCE111 /* ViewThumbnailDarkGrey@2x.png */ = {isa = PBXFileReference; lastKnownFileType = image.png; path = "ViewThumbnailDarkGrey@2x.png"; sourceTree = "<group>"; };
		AEB945F81877566D00FCE111 /* ViewThumbnailPink@2x.png */ = {isa = PBXFileReference; lastKnownFileType = image.png; path = "ViewThumbnailPink@2x.png"; sourceTree = "<group>"; };
		AEB945FF1877571B00FCE111 /* ProfileHeaderView.h */ = {isa = PBXFileReference; fileEncoding = 4; lastKnownFileType = sourcecode.c.h; path = ProfileHeaderView.h; sourceTree = "<group>"; };
		AEB946001877571B00FCE111 /* ProfileHeaderView.m */ = {isa = PBXFileReference; fileEncoding = 4; lastKnownFileType = sourcecode.c.objc; path = ProfileHeaderView.m; sourceTree = "<group>"; };
		AEB9F7AB187B34EC005F4988 /* SNCSettingsViewController.h */ = {isa = PBXFileReference; fileEncoding = 4; lastKnownFileType = sourcecode.c.h; path = SNCSettingsViewController.h; sourceTree = "<group>"; };
		AEB9F7AC187B34EC005F4988 /* SNCSettingsViewController.m */ = {isa = PBXFileReference; fileEncoding = 4; lastKnownFileType = sourcecode.c.objc; path = SNCSettingsViewController.m; sourceTree = "<group>"; };
		AEB9F7B1187B442E005F4988 /* Settings@2x.png */ = {isa = PBXFileReference; lastKnownFileType = image.png; path = "Settings@2x.png"; sourceTree = "<group>"; };
		AEB9F7B7187B521F005F4988 /* SNCRegisterViewController.h */ = {isa = PBXFileReference; fileEncoding = 4; lastKnownFileType = sourcecode.c.h; path = SNCRegisterViewController.h; sourceTree = "<group>"; };
		AEB9F7B8187B521F005F4988 /* SNCRegisterViewController.m */ = {isa = PBXFileReference; fileEncoding = 4; lastKnownFileType = sourcecode.c.objc; path = SNCRegisterViewController.m; sourceTree = "<group>"; };
		AECBA63F1856408600DE8EDE /* SNCLoginViewController.h */ = {isa = PBXFileReference; fileEncoding = 4; lastKnownFileType = sourcecode.c.h; name = SNCLoginViewController.h; path = ../Views/SNCLoginViewController.h; sourceTree = "<group>"; };
		AECBA6401856408600DE8EDE /* SNCLoginViewController.m */ = {isa = PBXFileReference; fileEncoding = 4; lastKnownFileType = sourcecode.c.objc; name = SNCLoginViewController.m; path = ../Views/SNCLoginViewController.m; sourceTree = "<group>"; };
		AECBA64218564D9D00DE8EDE /* QuartzCore.framework */ = {isa = PBXFileReference; lastKnownFileType = wrapper.framework; name = QuartzCore.framework; path = System/Library/Frameworks/QuartzCore.framework; sourceTree = SDKROOT; };
		AED56E981801A35D000DF866 /* sonicraph.app */ = {isa = PBXFileReference; explicitFileType = wrapper.application; includeInIndex = 0; path = sonicraph.app; sourceTree = BUILT_PRODUCTS_DIR; };
		AED56E9B1801A35D000DF866 /* Foundation.framework */ = {isa = PBXFileReference; lastKnownFileType = wrapper.framework; name = Foundation.framework; path = System/Library/Frameworks/Foundation.framework; sourceTree = SDKROOT; };
		AED56E9D1801A35D000DF866 /* CoreGraphics.framework */ = {isa = PBXFileReference; lastKnownFileType = wrapper.framework; name = CoreGraphics.framework; path = System/Library/Frameworks/CoreGraphics.framework; sourceTree = SDKROOT; };
		AED56E9F1801A35D000DF866 /* UIKit.framework */ = {isa = PBXFileReference; lastKnownFileType = wrapper.framework; name = UIKit.framework; path = System/Library/Frameworks/UIKit.framework; sourceTree = SDKROOT; };
		AED56EA11801A35D000DF866 /* CoreData.framework */ = {isa = PBXFileReference; lastKnownFileType = wrapper.framework; name = CoreData.framework; path = System/Library/Frameworks/CoreData.framework; sourceTree = SDKROOT; };
		AED56EA51801A35D000DF866 /* sonicraph-Info.plist */ = {isa = PBXFileReference; lastKnownFileType = text.plist.xml; path = "sonicraph-Info.plist"; sourceTree = "<group>"; };
		AED56EA71801A35D000DF866 /* en */ = {isa = PBXFileReference; lastKnownFileType = text.plist.strings; name = en; path = en.lproj/InfoPlist.strings; sourceTree = "<group>"; };
		AED56EA91801A35D000DF866 /* main.m */ = {isa = PBXFileReference; lastKnownFileType = sourcecode.c.objc; path = main.m; sourceTree = "<group>"; };
		AED56EAB1801A35D000DF866 /* sonicraph-Prefix.pch */ = {isa = PBXFileReference; lastKnownFileType = sourcecode.c.h; path = "sonicraph-Prefix.pch"; sourceTree = "<group>"; };
		AED56EAC1801A35D000DF866 /* SNCAppDelegate.h */ = {isa = PBXFileReference; lastKnownFileType = sourcecode.c.h; path = SNCAppDelegate.h; sourceTree = "<group>"; };
		AED56EAD1801A35D000DF866 /* SNCAppDelegate.m */ = {isa = PBXFileReference; lastKnownFileType = sourcecode.c.objc; path = SNCAppDelegate.m; sourceTree = "<group>"; };
		AED56EB01801A35D000DF866 /* Base */ = {isa = PBXFileReference; lastKnownFileType = file.storyboard; name = Base; path = Base.lproj/Main.storyboard; sourceTree = "<group>"; };
		AED56EB31801A35D000DF866 /* sonicraph.xcdatamodel */ = {isa = PBXFileReference; lastKnownFileType = wrapper.xcdatamodel; path = sonicraph.xcdatamodel; sourceTree = "<group>"; };
		AED56EBB1801A35D000DF866 /* Images.xcassets */ = {isa = PBXFileReference; lastKnownFileType = folder.assetcatalog; path = Images.xcassets; sourceTree = "<group>"; };
		AED56EC21801A35D000DF866 /* XCTest.framework */ = {isa = PBXFileReference; lastKnownFileType = wrapper.framework; name = XCTest.framework; path = Library/Frameworks/XCTest.framework; sourceTree = DEVELOPER_DIR; };
		AED56ECB1801A35D000DF866 /* sonicraphTests-Info.plist */ = {isa = PBXFileReference; lastKnownFileType = text.plist.xml; path = "sonicraphTests-Info.plist"; sourceTree = "<group>"; };
		AED56ECD1801A35D000DF866 /* en */ = {isa = PBXFileReference; lastKnownFileType = text.plist.strings; name = en; path = en.lproj/InfoPlist.strings; sourceTree = "<group>"; };
		AED56ECF1801A35D000DF866 /* sonicraphTests.m */ = {isa = PBXFileReference; lastKnownFileType = sourcecode.c.objc; path = sonicraphTests.m; sourceTree = "<group>"; };
		AED56EDB1801A39F000DF866 /* NSAlert+MKNetworkKitAdditions.h */ = {isa = PBXFileReference; fileEncoding = 4; lastKnownFileType = sourcecode.c.h; path = "NSAlert+MKNetworkKitAdditions.h"; sourceTree = "<group>"; };
		AED56EDC1801A39F000DF866 /* NSAlert+MKNetworkKitAdditions.m */ = {isa = PBXFileReference; fileEncoding = 4; lastKnownFileType = sourcecode.c.objc; path = "NSAlert+MKNetworkKitAdditions.m"; sourceTree = "<group>"; };
		AED56EDD1801A39F000DF866 /* NSData+MKBase64.h */ = {isa = PBXFileReference; fileEncoding = 4; lastKnownFileType = sourcecode.c.h; path = "NSData+MKBase64.h"; sourceTree = "<group>"; };
		AED56EDE1801A39F000DF866 /* NSData+MKBase64.m */ = {isa = PBXFileReference; fileEncoding = 4; lastKnownFileType = sourcecode.c.objc; path = "NSData+MKBase64.m"; sourceTree = "<group>"; };
		AED56EDF1801A39F000DF866 /* NSDate+RFC1123.h */ = {isa = PBXFileReference; fileEncoding = 4; lastKnownFileType = sourcecode.c.h; path = "NSDate+RFC1123.h"; sourceTree = "<group>"; };
		AED56EE01801A39F000DF866 /* NSDate+RFC1123.m */ = {isa = PBXFileReference; fileEncoding = 4; lastKnownFileType = sourcecode.c.objc; path = "NSDate+RFC1123.m"; sourceTree = "<group>"; };
		AED56EE11801A39F000DF866 /* NSDictionary+RequestEncoding.h */ = {isa = PBXFileReference; fileEncoding = 4; lastKnownFileType = sourcecode.c.h; path = "NSDictionary+RequestEncoding.h"; sourceTree = "<group>"; };
		AED56EE21801A39F000DF866 /* NSDictionary+RequestEncoding.m */ = {isa = PBXFileReference; fileEncoding = 4; lastKnownFileType = sourcecode.c.objc; path = "NSDictionary+RequestEncoding.m"; sourceTree = "<group>"; };
		AED56EE31801A39F000DF866 /* NSString+MKNetworkKitAdditions.h */ = {isa = PBXFileReference; fileEncoding = 4; lastKnownFileType = sourcecode.c.h; path = "NSString+MKNetworkKitAdditions.h"; sourceTree = "<group>"; };
		AED56EE41801A39F000DF866 /* NSString+MKNetworkKitAdditions.m */ = {isa = PBXFileReference; fileEncoding = 4; lastKnownFileType = sourcecode.c.objc; path = "NSString+MKNetworkKitAdditions.m"; sourceTree = "<group>"; };
		AED56EE51801A39F000DF866 /* UIAlertView+MKNetworkKitAdditions.h */ = {isa = PBXFileReference; fileEncoding = 4; lastKnownFileType = sourcecode.c.h; path = "UIAlertView+MKNetworkKitAdditions.h"; sourceTree = "<group>"; };
		AED56EE61801A39F000DF866 /* UIAlertView+MKNetworkKitAdditions.m */ = {isa = PBXFileReference; fileEncoding = 4; lastKnownFileType = sourcecode.c.objc; path = "UIAlertView+MKNetworkKitAdditions.m"; sourceTree = "<group>"; };
		AED56EE71801A39F000DF866 /* UIImageView+MKNetworkKitAdditions.h */ = {isa = PBXFileReference; fileEncoding = 4; lastKnownFileType = sourcecode.c.h; path = "UIImageView+MKNetworkKitAdditions.h"; sourceTree = "<group>"; };
		AED56EE81801A39F000DF866 /* UIImageView+MKNetworkKitAdditions.m */ = {isa = PBXFileReference; fileEncoding = 4; lastKnownFileType = sourcecode.c.objc; path = "UIImageView+MKNetworkKitAdditions.m"; sourceTree = "<group>"; };
		AED56EE91801A39F000DF866 /* MKNetworkEngine.h */ = {isa = PBXFileReference; fileEncoding = 4; lastKnownFileType = sourcecode.c.h; path = MKNetworkEngine.h; sourceTree = "<group>"; };
		AED56EEA1801A39F000DF866 /* MKNetworkEngine.m */ = {isa = PBXFileReference; fileEncoding = 4; lastKnownFileType = sourcecode.c.objc; path = MKNetworkEngine.m; sourceTree = "<group>"; };
		AED56EEB1801A39F000DF866 /* MKNetworkKit.h */ = {isa = PBXFileReference; fileEncoding = 4; lastKnownFileType = sourcecode.c.h; path = MKNetworkKit.h; sourceTree = "<group>"; };
		AED56EEC1801A39F000DF866 /* MKNetworkOperation.h */ = {isa = PBXFileReference; fileEncoding = 4; lastKnownFileType = sourcecode.c.h; path = MKNetworkOperation.h; sourceTree = "<group>"; };
		AED56EED1801A39F000DF866 /* MKNetworkOperation.m */ = {isa = PBXFileReference; fileEncoding = 4; lastKnownFileType = sourcecode.c.objc; path = MKNetworkOperation.m; sourceTree = "<group>"; };
		AED56EEF1801A39F000DF866 /* Reachability.h */ = {isa = PBXFileReference; fileEncoding = 4; lastKnownFileType = sourcecode.c.h; path = Reachability.h; sourceTree = "<group>"; };
		AED56EF01801A39F000DF866 /* Reachability.m */ = {isa = PBXFileReference; fileEncoding = 4; lastKnownFileType = sourcecode.c.objc; path = Reachability.m; sourceTree = "<group>"; };
		AED56F061801B425000DF866 /* SNCAPITest.h */ = {isa = PBXFileReference; fileEncoding = 4; lastKnownFileType = sourcecode.c.h; name = SNCAPITest.h; path = test/SNCAPITest.h; sourceTree = "<group>"; };
		AED56F071801B425000DF866 /* SNCAPITest.m */ = {isa = PBXFileReference; fileEncoding = 4; lastKnownFileType = sourcecode.c.objc; lineEnding = 0; name = SNCAPITest.m; path = test/SNCAPITest.m; sourceTree = "<group>"; xcLanguageSpecificationIdentifier = xcode.lang.objc; };
		AEDAADD9185C941C001DD389 /* Configurations.h */ = {isa = PBXFileReference; fileEncoding = 4; lastKnownFileType = sourcecode.c.h; path = Configurations.h; sourceTree = "<group>"; };
		AEDAADDA185C9A41001DD389 /* CameraBackFrontWhite@2x.png */ = {isa = PBXFileReference; lastKnownFileType = image.png; path = "CameraBackFrontWhite@2x.png"; sourceTree = "<group>"; };
		AEDAADDC185CA013001DD389 /* Share@2x.png */ = {isa = PBXFileReference; lastKnownFileType = image.png; path = "Share@2x.png"; sourceTree = "<group>"; };
		AEDAADEF185DB334001DD389 /* ShareWhite@2x.png */ = {isa = PBXFileReference; lastKnownFileType = image.png; path = "ShareWhite@2x.png"; sourceTree = "<group>"; };
		AEDAADF4185DB802001DD389 /* SNCTabbarController.h */ = {isa = PBXFileReference; fileEncoding = 4; lastKnownFileType = sourcecode.c.h; path = SNCTabbarController.h; sourceTree = "<group>"; };
		AEDAADF5185DB802001DD389 /* SNCTabbarController.m */ = {isa = PBXFileReference; fileEncoding = 4; lastKnownFileType = sourcecode.c.objc; path = SNCTabbarController.m; sourceTree = "<group>"; };
		AEDAADF8185DB8A4001DD389 /* CameraTBWhite@2x.png */ = {isa = PBXFileReference; lastKnownFileType = image.png; path = "CameraTBWhite@2x.png"; sourceTree = "<group>"; };
		AEDAADF9185DB8A4001DD389 /* EyeWhite@2x.png */ = {isa = PBXFileReference; lastKnownFileType = image.png; path = "EyeWhite@2x.png"; sourceTree = "<group>"; };
		AEDAADFA185DB8A4001DD389 /* GlobeWhite@2x.png */ = {isa = PBXFileReference; lastKnownFileType = image.png; path = "GlobeWhite@2x.png"; sourceTree = "<group>"; };
		AEDAADFB185DB8A4001DD389 /* HeartWhite@2x.png */ = {isa = PBXFileReference; lastKnownFileType = image.png; path = "HeartWhite@2x.png"; sourceTree = "<group>"; };
		AEDAADFC185DB8A4001DD389 /* SetignsWhite@2x.png */ = {isa = PBXFileReference; lastKnownFileType = image.png; path = "SetignsWhite@2x.png"; sourceTree = "<group>"; };
		AEDAAE02185DB900001DD389 /* UserWhite@2x.png */ = {isa = PBXFileReference; lastKnownFileType = image.png; path = "UserWhite@2x.png"; sourceTree = "<group>"; };
		AEDAAE04185DBD77001DD389 /* UIButton+StateProperties.h */ = {isa = PBXFileReference; fileEncoding = 4; lastKnownFileType = sourcecode.c.h; path = "UIButton+StateProperties.h"; sourceTree = "<group>"; };
		AEDAAE05185DBD77001DD389 /* UIButton+StateProperties.m */ = {isa = PBXFileReference; fileEncoding = 4; lastKnownFileType = sourcecode.c.objc; path = "UIButton+StateProperties.m"; sourceTree = "<group>"; };
		AEDAAE0C185DDAFC001DD389 /* TypeDefs.m */ = {isa = PBXFileReference; fileEncoding = 4; lastKnownFileType = sourcecode.c.objc; path = TypeDefs.m; sourceTree = "<group>"; };
		AEDAAE0E18623B0F001DD389 /* SNCSoundSlider.h */ = {isa = PBXFileReference; fileEncoding = 4; lastKnownFileType = sourcecode.c.h; path = SNCSoundSlider.h; sourceTree = "<group>"; };
		AEDAAE0F18623B0F001DD389 /* SNCSoundSlider.m */ = {isa = PBXFileReference; fileEncoding = 4; lastKnownFileType = sourcecode.c.objc; path = SNCSoundSlider.m; sourceTree = "<group>"; };
		AEDAAE1518639AF1001DD389 /* SecondsNumbers@2x.png */ = {isa = PBXFileReference; lastKnownFileType = image.png; path = "SecondsNumbers@2x.png"; sourceTree = "<group>"; };
		AEDAAE171863A015001DD389 /* UIImage+imageForSoundData.h */ = {isa = PBXFileReference; fileEncoding = 4; lastKnownFileType = sourcecode.c.h; path = "UIImage+imageForSoundData.h"; sourceTree = "<group>"; };
		AEDAAE181863A015001DD389 /* UIImage+imageForSoundData.m */ = {isa = PBXFileReference; fileEncoding = 4; lastKnownFileType = sourcecode.c.objc; path = "UIImage+imageForSoundData.m"; sourceTree = "<group>"; };
		AEDAAE1A1863AEE1001DD389 /* PhotoBaseWithLogo@2x.png */ = {isa = PBXFileReference; lastKnownFileType = image.png; path = "PhotoBaseWithLogo@2x.png"; sourceTree = "<group>"; };
		AEDAAE1C1864CCB3001DD389 /* MicrophoneWhite@2x.png */ = {isa = PBXFileReference; lastKnownFileType = image.png; path = "MicrophoneWhite@2x.png"; sourceTree = "<group>"; };
		AEDAAE2218650B5B001DD389 /* NSDate+NVTimeAgo.h */ = {isa = PBXFileReference; fileEncoding = 4; lastKnownFileType = sourcecode.c.h; path = "NSDate+NVTimeAgo.h"; sourceTree = "<group>"; };
		AEDAAE2318650B5B001DD389 /* NSDate+NVTimeAgo.m */ = {isa = PBXFileReference; fileEncoding = 4; lastKnownFileType = sourcecode.c.objc; path = "NSDate+NVTimeAgo.m"; sourceTree = "<group>"; };
		AEDAAE2518657221001DD389 /* TrimHandleBig@2x.png */ = {isa = PBXFileReference; lastKnownFileType = image.png; path = "TrimHandleBig@2x.png"; sourceTree = "<group>"; };
		AEDAAE2D186591BA001DD389 /* FacebookIcon@2x.png */ = {isa = PBXFileReference; lastKnownFileType = image.png; path = "FacebookIcon@2x.png"; sourceTree = "<group>"; };
		AEDAAE2E186591BA001DD389 /* TwitterIcon@2x.png */ = {isa = PBXFileReference; lastKnownFileType = image.png; path = "TwitterIcon@2x.png"; sourceTree = "<group>"; };
		AEDAAE311865939C001DD389 /* Paused@2x.png */ = {isa = PBXFileReference; lastKnownFileType = image.png; name = "Paused@2x.png"; path = "../sonicraphcameramodeelementspng/Paused@2x.png"; sourceTree = "<group>"; };
		AEDAAE3318663176001DD389 /* AdCommentBoxWhite@2x.png */ = {isa = PBXFileReference; lastKnownFileType = image.png; path = "AdCommentBoxWhite@2x.png"; sourceTree = "<group>"; };
		AEDAAE351866D184001DD389 /* SNCSonicViewController.h */ = {isa = PBXFileReference; fileEncoding = 4; lastKnownFileType = sourcecode.c.h; path = SNCSonicViewController.h; sourceTree = "<group>"; };
		AEDAAE361866D184001DD389 /* SNCSonicViewController.m */ = {isa = PBXFileReference; fileEncoding = 4; lastKnownFileType = sourcecode.c.objc; path = SNCSonicViewController.m; sourceTree = "<group>"; };
/* End PBXFileReference section */

/* Begin PBXFrameworksBuildPhase section */
		AED56E951801A35D000DF866 /* Frameworks */ = {
			isa = PBXFrameworksBuildPhase;
			buildActionMask = 2147483647;
			files = (
				AECBA64318564D9D00DE8EDE /* QuartzCore.framework in Frameworks */,
				AE15967D181BF64800929D1D /* AudioToolbox.framework in Frameworks */,
				AE86EEC918316CA800F74F1D /* AudioConverter.a in Frameworks */,
				AE86EECC18316CA800F74F1D /* MP3Converter.a in Frameworks */,
				AE15967B181BE95E00929D1D /* AVFoundation.framework in Frameworks */,
				AED56E9E1801A35D000DF866 /* CoreGraphics.framework in Frameworks */,
				AED56EA21801A35D000DF866 /* CoreData.framework in Frameworks */,
				AED56EA01801A35D000DF866 /* UIKit.framework in Frameworks */,
				AED56E9C1801A35D000DF866 /* Foundation.framework in Frameworks */,
				AE86EEC818316CA800F74F1D /* libmp3lame.a in Frameworks */,
			);
			runOnlyForDeploymentPostprocessing = 0;
		};
/* End PBXFrameworksBuildPhase section */

/* Begin PBXGroup section */
		AE15965C18142C6300929D1D /* images */ = {
			isa = PBXGroup;
			children = (
				AEB945F41877566D00FCE111 /* profile */,
				AEDAADF7185DB8A4001DD389 /* Tabbar */,
				AEDAADEB185DB334001DD389 /* SonicCell */,
				AE1596B1182452CF00929D1D /* rangeslider */,
				AE15965D18142C6300929D1D /* sonicraphcameramodeelementspng */,
			);
			path = images;
			sourceTree = "<group>";
		};
		AE15965D18142C6300929D1D /* sonicraphcameramodeelementspng */ = {
			isa = PBXGroup;
			children = (
				AEDAAE3318663176001DD389 /* AdCommentBoxWhite@2x.png */,
				AEDAAE2D186591BA001DD389 /* FacebookIcon@2x.png */,
				AEDAAE2E186591BA001DD389 /* TwitterIcon@2x.png */,
				AEDAAE2518657221001DD389 /* TrimHandleBig@2x.png */,
				AEDAAE1C1864CCB3001DD389 /* MicrophoneWhite@2x.png */,
				AEDAAE1518639AF1001DD389 /* SecondsNumbers@2x.png */,
				AEDAADDC185CA013001DD389 /* Share@2x.png */,
				AEDAADDA185C9A41001DD389 /* CameraBackFrontWhite@2x.png */,
				AE159694181C15AE00929D1D /* Sound Button.png */,
				AE15965E18142C6300929D1D /* Camera Button.png */,
				AE15965F18142C6300929D1D /* Camera Flash@2x.png */,
				AE15966018142C6300929D1D /* Camera Front and Back.png */,
				AE15966118142C6300929D1D /* Cancel.png */,
				AE15966218142C6300929D1D /* Film.png */,
				AE15966318142C6300929D1D /* Option.png */,
			);
			path = sonicraphcameramodeelementspng;
			sourceTree = "<group>";
		};
		AE1596B1182452CF00929D1D /* rangeslider */ = {
			isa = PBXGroup;
			children = (
				AE1596B6182452CF00929D1D /* slider-default7-trackBackground.png */,
				AE1596B7182452CF00929D1D /* slider-default7-trackBackground@2x.png */,
				AE1596B8182452CF00929D1D /* slider-default7-trackCrossedOver.png */,
				AE1596B9182452CF00929D1D /* slider-default7-trackCrossedOver@2x.png */,
			);
			path = rangeslider;
			sourceTree = "<group>";
		};
		AE86EE77182C0DA800F74F1D /* Models */ = {
			isa = PBXGroup;
			children = (
				AE86EE78182C0DA800F74F1D /* Managed Objects */,
				AE86EE79182C0DA800F74F1D /* SonicData.h */,
				AE86EE7A182C0DA800F74F1D /* SonicData.m */,
				AE86EEDB1837EA3E00F74F1D /* Sonic.h */,
				AE86EEDC1837EA3E00F74F1D /* Sonic.m */,
				AE86EEDE1837EA7E00F74F1D /* User.h */,
				AE86EEDF1837EA7E00F74F1D /* User.m */,
				AE2B4E7E187457E6006BD456 /* SonicComment.h */,
				AE2B4E7F187457E6006BD456 /* SonicComment.m */,
			);
			path = Models;
			sourceTree = "<group>";
		};
		AE86EE78182C0DA800F74F1D /* Managed Objects */ = {
			isa = PBXGroup;
			children = (
				AE86EE9D1831547600F74F1D /* SonicManagedObject.h */,
				AE86EE9E1831547600F74F1D /* SonicManagedObject.m */,
				AE86EEA6183158D300F74F1D /* UserManagedObject.h */,
				AE86EEA7183158D300F74F1D /* UserManagedObject.m */,
			);
			path = "Managed Objects";
			sourceTree = "<group>";
		};
		AE86EE7C182C0DC000F74F1D /* Views */ = {
			isa = PBXGroup;
			children = (
				AEB945FE187756F100FCE111 /* Sonic Controller Views */,
				AEB945F0187750BE00FCE111 /* Profile Views */,
				AE86EE7D182C0DC000F74F1D /* NMRangeSlider.h */,
				AE86EE7E182C0DC000F74F1D /* NMRangeSlider.m */,
				AE86EED51832E07600F74F1D /* SonicPlayerView.h */,
				AE86EED61832E07600F74F1D /* SonicPlayerView.m */,
				AE86EED81835590F00F74F1D /* SNCHomeTableCell.h */,
				AE86EED91835590F00F74F1D /* SNCHomeTableCell.m */,
				AEDAAE0E18623B0F001DD389 /* SNCSoundSlider.h */,
				AEDAAE0F18623B0F001DD389 /* SNCSoundSlider.m */,
				AE9ABCFC187A0DC9008FE96B /* SNCPersonTableCell.h */,
				AE9ABCFD187A0DC9008FE96B /* SNCPersonTableCell.m */,
			);
			path = Views;
			sourceTree = "<group>";
		};
		AE86EE80182C0DD700F74F1D /* Common */ = {
			isa = PBXGroup;
			children = (
				AEDAADD9185C941C001DD389 /* Configurations.h */,
				AE86EE81182C0DD700F74F1D /* TypeDefs.h */,
				AEDAAE0C185DDAFC001DD389 /* TypeDefs.m */,
			);
			path = Common;
			sourceTree = "<group>";
		};
		AE86EE82182C0DF300F74F1D /* Lib */ = {
			isa = PBXGroup;
			children = (
				AEDAAE2218650B5B001DD389 /* NSDate+NVTimeAgo.h */,
				AEDAAE2318650B5B001DD389 /* NSDate+NVTimeAgo.m */,
				AE86EE9A182E741900F74F1D /* NSData+Base64.h */,
				AE86EE9B182E741900F74F1D /* NSData+Base64.m */,
				AE86EE83182C0DF300F74F1D /* JSONKit */,
				AE86EE86182C0DF300F74F1D /* SNCAPIConnector.h */,
				AE86EE87182C0DF300F74F1D /* SNCAPIConnector.m */,
				AE86EE88182C0DF300F74F1D /* UIImage+scaleToSize.h */,
				AE86EE89182C0DF300F74F1D /* UIImage+scaleToSize.m */,
				AEDAAE04185DBD77001DD389 /* UIButton+StateProperties.h */,
				AEDAAE05185DBD77001DD389 /* UIButton+StateProperties.m */,
				AEDAAE171863A015001DD389 /* UIImage+imageForSoundData.h */,
				AEDAAE181863A015001DD389 /* UIImage+imageForSoundData.m */,
			);
			path = Lib;
			sourceTree = "<group>";
		};
		AE86EE83182C0DF300F74F1D /* JSONKit */ = {
			isa = PBXGroup;
			children = (
				AE86EE84182C0DF300F74F1D /* JSONKit.h */,
				AE86EE85182C0DF300F74F1D /* JSONKit.m */,
			);
			path = JSONKit;
			sourceTree = "<group>";
		};
		AE86EE8D182C0E0E00F74F1D /* View Controllers */ = {
			isa = PBXGroup;
			children = (
				AEB9F7B3187B51DC005F4988 /* Login/Register Group */,
				AE86EE8E182C0E0E00F74F1D /* SNCCameraViewController.h */,
				AE86EE8F182C0E0E00F74F1D /* SNCCameraViewController.m */,
				AE86EE90182C0E0E00F74F1D /* SNCEditViewController.h */,
				AE86EE91182C0E0E00F74F1D /* SNCEditViewController.m */,
				AE86EE92182C0E0E00F74F1D /* SNCShareViewController.h */,
				AE86EE93182C0E0E00F74F1D /* SNCShareViewController.m */,
				AE86EE97182D7D2000F74F1D /* SNCProfileViewController.h */,
				AE86EE98182D7D2000F74F1D /* SNCProfileViewController.m */,
				AE86EED21832C69600F74F1D /* SNCHomeViewController.h */,
				AE86EED31832C69600F74F1D /* SNCHomeViewController.m */,
				AEDAADF4185DB802001DD389 /* SNCTabbarController.h */,
				AEDAADF5185DB802001DD389 /* SNCTabbarController.m */,
				AEDAAE351866D184001DD389 /* SNCSonicViewController.h */,
				AEDAAE361866D184001DD389 /* SNCSonicViewController.m */,
				AE9ABCF918799E71008FE96B /* SNCFollowerFollowingViewController.h */,
				AE9ABCFA18799E71008FE96B /* SNCFollowerFollowingViewController.m */,
				AEB9F7AB187B34EC005F4988 /* SNCSettingsViewController.h */,
				AEB9F7AC187B34EC005F4988 /* SNCSettingsViewController.m */,
			);
			path = "View Controllers";
			sourceTree = "<group>";
		};
		AE86EEAC18316BC500F74F1D /* Managers */ = {
			isa = PBXGroup;
			children = (
				AE86EEAD18316BC500F74F1D /* DatabaseManager.h */,
				AE86EEAE18316BC500F74F1D /* DatabaseManager.m */,
				AE86EEAF18316BC500F74F1D /* SNCAPIManager.h */,
				AE86EEB018316BC500F74F1D /* SNCAPIManager.m */,
				AE86EEB118316BC500F74F1D /* SonicraphMediaManager.h */,
				AE86EEB218316BC500F74F1D /* SonicraphMediaManager.m */,
				AE637F32184BBCE700DDEE21 /* AuthenticationManager.h */,
				AE637F33184BBCE700DDEE21 /* AuthenticationManager.m */,
			);
			path = Managers;
			sourceTree = "<group>";
		};
		AE86EEB618316CA700F74F1D /* AudioConverterKit */ = {
			isa = PBXGroup;
			children = (
				AE86EEB718316CA700F74F1D /* 3rd-party */,
				AE86EEBC18316CA800F74F1D /* AudioConverter-Prefix.pch */,
				AE86EEBD18316CA800F74F1D /* AudioConverter.a */,
				AE86EEBE18316CA800F74F1D /* AudioConverter.h */,
				AE86EEBF18316CA800F74F1D /* AudioConverter.m */,
				AE86EEC018316CA800F74F1D /* Documentation */,
				AE86EEC218316CA800F74F1D /* MP3Converter-Prefix.pch */,
				AE86EEC318316CA800F74F1D /* MP3Converter.a */,
				AE86EEC418316CA800F74F1D /* MP3Converter.h */,
				AE86EEC518316CA800F74F1D /* MP3Converter.m */,
				AE86EEC618316CA800F74F1D /* Mp3ConverterInterface.h */,
				AE86EEC718316CA800F74F1D /* Mp3ConverterInterface.m */,
			);
			path = AudioConverterKit;
			sourceTree = "<group>";
		};
		AE86EEB718316CA700F74F1D /* 3rd-party */ = {
			isa = PBXGroup;
			children = (
				AE86EEB818316CA700F74F1D /* inc */,
				AE86EEBA18316CA800F74F1D /* lib */,
			);
			path = "3rd-party";
			sourceTree = "<group>";
		};
		AE86EEB818316CA700F74F1D /* inc */ = {
			isa = PBXGroup;
			children = (
				AE86EEB918316CA700F74F1D /* lame.h */,
			);
			path = inc;
			sourceTree = "<group>";
		};
		AE86EEBA18316CA800F74F1D /* lib */ = {
			isa = PBXGroup;
			children = (
				AE86EEBB18316CA800F74F1D /* libmp3lame.a */,
			);
			path = lib;
			sourceTree = "<group>";
		};
		AE86EEC018316CA800F74F1D /* Documentation */ = {
			isa = PBXGroup;
			children = (
				AE86EEC118316CA800F74F1D /* AudioConverterKitforiOS.pdf */,
			);
			path = Documentation;
			sourceTree = "<group>";
		};
		AEB945F0187750BE00FCE111 /* Profile Views */ = {
			isa = PBXGroup;
			children = (
				AEB945FF1877571B00FCE111 /* ProfileHeaderView.h */,
				AEB946001877571B00FCE111 /* ProfileHeaderView.m */,
				AE9ABCF618797E15008FE96B /* SonicCollectionViewCell.h */,
				AE9ABCF718797E15008FE96B /* SonicCollectionViewCell.m */,
			);
			name = "Profile Views";
			sourceTree = "<group>";
		};
		AEB945F41877566D00FCE111 /* profile */ = {
			isa = PBXGroup;
			children = (
				AEB9F7B1187B442E005F4988 /* Settings@2x.png */,
				AEB945F51877566D00FCE111 /* ViewListDarkGrey@2x.png */,
				AEB945F61877566D00FCE111 /* ViewListPink@2x.png */,
				AEB945F71877566D00FCE111 /* ViewThumbnailDarkGrey@2x.png */,
				AEB945F81877566D00FCE111 /* ViewThumbnailPink@2x.png */,
			);
			path = profile;
			sourceTree = "<group>";
		};
		AEB945FE187756F100FCE111 /* Sonic Controller Views */ = {
			isa = PBXGroup;
			children = (
				AE2B4E7B18737677006BD456 /* SonicViewControllerHeaderView.h */,
				AE2B4E7C18737677006BD456 /* SonicViewControllerHeaderView.m */,
				AEB9459F1874DA3200FCE111 /* SegmentedBar.h */,
				AEB945A01874DA3200FCE111 /* SegmentedBar.m */,
				AEB945ED1876047900FCE111 /* SonicCommentCell.h */,
				AEB945EE1876047900FCE111 /* SonicCommentCell.m */,
			);
			name = "Sonic Controller Views";
			sourceTree = "<group>";
		};
		AEB9F7B3187B51DC005F4988 /* Login/Register Group */ = {
			isa = PBXGroup;
			children = (
				AECBA63F1856408600DE8EDE /* SNCLoginViewController.h */,
				AECBA6401856408600DE8EDE /* SNCLoginViewController.m */,
				AEB9F7B7187B521F005F4988 /* SNCRegisterViewController.h */,
				AEB9F7B8187B521F005F4988 /* SNCRegisterViewController.m */,
			);
			name = "Login/Register Group";
			sourceTree = "<group>";
		};
		AED56E8F1801A35D000DF866 = {
			isa = PBXGroup;
			children = (
				AED56EA31801A35D000DF866 /* sonicraph */,
				AED56EC91801A35D000DF866 /* sonicraphTests */,
				AED56E9A1801A35D000DF866 /* Frameworks */,
				AED56E991801A35D000DF866 /* Products */,
			);
			sourceTree = "<group>";
		};
		AED56E991801A35D000DF866 /* Products */ = {
			isa = PBXGroup;
			children = (
				AED56E981801A35D000DF866 /* sonicraph.app */,
			);
			name = Products;
			sourceTree = "<group>";
		};
		AED56E9A1801A35D000DF866 /* Frameworks */ = {
			isa = PBXGroup;
			children = (
				AECBA64218564D9D00DE8EDE /* QuartzCore.framework */,
				AE15967C181BF64800929D1D /* AudioToolbox.framework */,
				AE15967A181BE95E00929D1D /* AVFoundation.framework */,
				AED56E9B1801A35D000DF866 /* Foundation.framework */,
				AED56E9D1801A35D000DF866 /* CoreGraphics.framework */,
				AED56E9F1801A35D000DF866 /* UIKit.framework */,
				AED56EA11801A35D000DF866 /* CoreData.framework */,
				AED56EC21801A35D000DF866 /* XCTest.framework */,
			);
			name = Frameworks;
			sourceTree = "<group>";
		};
		AED56EA31801A35D000DF866 /* sonicraph */ = {
			isa = PBXGroup;
			children = (
				AE86EEB618316CA700F74F1D /* AudioConverterKit */,
				AE86EE8D182C0E0E00F74F1D /* View Controllers */,
				AE86EE7C182C0DC000F74F1D /* Views */,
				AE86EEAC18316BC500F74F1D /* Managers */,
				AE86EE82182C0DF300F74F1D /* Lib */,
				AE86EE80182C0DD700F74F1D /* Common */,
				AE86EE77182C0DA800F74F1D /* Models */,
				AED56ED91801A39F000DF866 /* MKNetworkKit */,
				AED56EAC1801A35D000DF866 /* SNCAppDelegate.h */,
				AED56EAD1801A35D000DF866 /* SNCAppDelegate.m */,
				AED56EAF1801A35D000DF866 /* Main.storyboard */,
				AED56EBB1801A35D000DF866 /* Images.xcassets */,
				AED56EB21801A35D000DF866 /* sonicraph.xcdatamodeld */,
				AED56EA41801A35D000DF866 /* Supporting Files */,
				AE15965C18142C6300929D1D /* images */,
			);
			path = sonicraph;
			sourceTree = "<group>";
		};
		AED56EA41801A35D000DF866 /* Supporting Files */ = {
			isa = PBXGroup;
			children = (
				AED56EA51801A35D000DF866 /* sonicraph-Info.plist */,
				AED56EA61801A35D000DF866 /* InfoPlist.strings */,
				AED56EA91801A35D000DF866 /* main.m */,
				AED56EAB1801A35D000DF866 /* sonicraph-Prefix.pch */,
			);
			name = "Supporting Files";
			sourceTree = "<group>";
		};
		AED56EC91801A35D000DF866 /* sonicraphTests */ = {
			isa = PBXGroup;
			children = (
				AED56F051801B409000DF866 /* test */,
				AED56ECF1801A35D000DF866 /* sonicraphTests.m */,
				AED56ECA1801A35D000DF866 /* Supporting Files */,
			);
			path = sonicraphTests;
			sourceTree = "<group>";
		};
		AED56ECA1801A35D000DF866 /* Supporting Files */ = {
			isa = PBXGroup;
			children = (
				AED56ECB1801A35D000DF866 /* sonicraphTests-Info.plist */,
				AED56ECC1801A35D000DF866 /* InfoPlist.strings */,
			);
			name = "Supporting Files";
			sourceTree = "<group>";
		};
		AED56ED91801A39F000DF866 /* MKNetworkKit */ = {
			isa = PBXGroup;
			children = (
				AED56EDA1801A39F000DF866 /* Categories */,
				AED56EE91801A39F000DF866 /* MKNetworkEngine.h */,
				AED56EEA1801A39F000DF866 /* MKNetworkEngine.m */,
				AED56EEB1801A39F000DF866 /* MKNetworkKit.h */,
				AED56EEC1801A39F000DF866 /* MKNetworkOperation.h */,
				AED56EED1801A39F000DF866 /* MKNetworkOperation.m */,
				AED56EEE1801A39F000DF866 /* Reachability */,
			);
			path = MKNetworkKit;
			sourceTree = "<group>";
		};
		AED56EDA1801A39F000DF866 /* Categories */ = {
			isa = PBXGroup;
			children = (
				AED56EDB1801A39F000DF866 /* NSAlert+MKNetworkKitAdditions.h */,
				AED56EDC1801A39F000DF866 /* NSAlert+MKNetworkKitAdditions.m */,
				AED56EDD1801A39F000DF866 /* NSData+MKBase64.h */,
				AED56EDE1801A39F000DF866 /* NSData+MKBase64.m */,
				AED56EDF1801A39F000DF866 /* NSDate+RFC1123.h */,
				AED56EE01801A39F000DF866 /* NSDate+RFC1123.m */,
				AED56EE11801A39F000DF866 /* NSDictionary+RequestEncoding.h */,
				AED56EE21801A39F000DF866 /* NSDictionary+RequestEncoding.m */,
				AED56EE31801A39F000DF866 /* NSString+MKNetworkKitAdditions.h */,
				AED56EE41801A39F000DF866 /* NSString+MKNetworkKitAdditions.m */,
				AED56EE51801A39F000DF866 /* UIAlertView+MKNetworkKitAdditions.h */,
				AED56EE61801A39F000DF866 /* UIAlertView+MKNetworkKitAdditions.m */,
				AED56EE71801A39F000DF866 /* UIImageView+MKNetworkKitAdditions.h */,
				AED56EE81801A39F000DF866 /* UIImageView+MKNetworkKitAdditions.m */,
			);
			path = Categories;
			sourceTree = "<group>";
		};
		AED56EEE1801A39F000DF866 /* Reachability */ = {
			isa = PBXGroup;
			children = (
				AED56EEF1801A39F000DF866 /* Reachability.h */,
				AED56EF01801A39F000DF866 /* Reachability.m */,
			);
			path = Reachability;
			sourceTree = "<group>";
		};
		AED56F051801B409000DF866 /* test */ = {
			isa = PBXGroup;
			children = (
				AED56F061801B425000DF866 /* SNCAPITest.h */,
				AED56F071801B425000DF866 /* SNCAPITest.m */,
			);
			name = test;
			path = ../sonicraph;
			sourceTree = "<group>";
		};
		AEDAADEB185DB334001DD389 /* SonicCell */ = {
			isa = PBXGroup;
			children = (
				AEB945AA1875064D00FCE111 /* MoreWhite@2x.png */,
				AEB945A81874F32800FCE111 /* Shadow@2x.png */,
				AEB945A61874F08000FCE111 /* 44PXLabelWithShadow@2x.png */,
				AEB945A41874DE5800FCE111 /* SegmentedButtonBarSeperator@2x.png */,
				AEB945901874D2D000FCE111 /* CommentGrey@2x.png */,
				AEB945911874D2D000FCE111 /* CommentPink@2x.png */,
				AEB945921874D2D000FCE111 /* HeartGrey@2x.png */,
				AEB945931874D2D000FCE111 /* HeartPink@2x.png */,
				AEB945941874D2D000FCE111 /* ReSonicGrey@2x.png */,
				AEB945951874D2D000FCE111 /* ReSonicPink@2x.png */,
				AEDAAE311865939C001DD389 /* Paused@2x.png */,
				AE977195186DD2CC009D0298 /* 2013-11-07 09.52.53@2x.jpg */,
				AEDAAE1A1863AEE1001DD389 /* PhotoBaseWithLogo@2x.png */,
				AEDAADEF185DB334001DD389 /* ShareWhite@2x.png */,
			);
			path = SonicCell;
			sourceTree = "<group>";
		};
		AEDAADF7185DB8A4001DD389 /* Tabbar */ = {
			isa = PBXGroup;
			children = (
				AEDAAE02185DB900001DD389 /* UserWhite@2x.png */,
				AEDAADF8185DB8A4001DD389 /* CameraTBWhite@2x.png */,
				AEDAADF9185DB8A4001DD389 /* EyeWhite@2x.png */,
				AEDAADFA185DB8A4001DD389 /* GlobeWhite@2x.png */,
				AEDAADFB185DB8A4001DD389 /* HeartWhite@2x.png */,
				AEDAADFC185DB8A4001DD389 /* SetignsWhite@2x.png */,
			);
			path = Tabbar;
			sourceTree = "<group>";
		};
/* End PBXGroup section */

/* Begin PBXNativeTarget section */
		AED56E971801A35D000DF866 /* sonicraph */ = {
			isa = PBXNativeTarget;
			buildConfigurationList = AED56ED31801A35D000DF866 /* Build configuration list for PBXNativeTarget "sonicraph" */;
			buildPhases = (
				AED56E941801A35D000DF866 /* Sources */,
				AED56E951801A35D000DF866 /* Frameworks */,
				AED56E961801A35D000DF866 /* Resources */,
			);
			buildRules = (
			);
			dependencies = (
			);
			name = sonicraph;
			productName = sonicraph;
			productReference = AED56E981801A35D000DF866 /* sonicraph.app */;
			productType = "com.apple.product-type.application";
		};
/* End PBXNativeTarget section */

/* Begin PBXProject section */
		AED56E901801A35D000DF866 /* Project object */ = {
			isa = PBXProject;
			attributes = {
				CLASSPREFIX = SNC;
				LastUpgradeCheck = 0500;
				ORGANIZATIONNAME = "Yunus Eren Guzel";
				TargetAttributes = {
					AED56E971801A35D000DF866 = {
						DevelopmentTeam = 34NB4E9B4B;
					};
				};
			};
			buildConfigurationList = AED56E931801A35D000DF866 /* Build configuration list for PBXProject "sonicraph" */;
			compatibilityVersion = "Xcode 3.2";
			developmentRegion = English;
			hasScannedForEncodings = 0;
			knownRegions = (
				en,
				Base,
			);
			mainGroup = AED56E8F1801A35D000DF866;
			productRefGroup = AED56E991801A35D000DF866 /* Products */;
			projectDirPath = "";
			projectRoot = "";
			targets = (
				AED56E971801A35D000DF866 /* sonicraph */,
			);
		};
/* End PBXProject section */

/* Begin PBXResourcesBuildPhase section */
		AED56E961801A35D000DF866 /* Resources */ = {
			isa = PBXResourcesBuildPhase;
			buildActionMask = 2147483647;
			files = (
				AE15966B18142C6300929D1D /* Film.png in Resources */,
				AE1596BF182452CF00929D1D /* slider-default7-trackBackground@2x.png in Resources */,
				AED56EBC1801A35D000DF866 /* Images.xcassets in Resources */,
				AEDAAE1D1864CCB3001DD389 /* MicrophoneWhite@2x.png in Resources */,
				AEB945A91874F32800FCE111 /* Shadow@2x.png in Resources */,
				AEDAADDB185C9A41001DD389 /* CameraBackFrontWhite@2x.png in Resources */,
				AED56EA81801A35D000DF866 /* InfoPlist.strings in Resources */,
				AE15966718142C6300929D1D /* Camera Button.png in Resources */,
				AEDAAE2F186591BA001DD389 /* FacebookIcon@2x.png in Resources */,
				AEDAAE321865939C001DD389 /* Paused@2x.png in Resources */,
				AEB945961874D2D000FCE111 /* CommentGrey@2x.png in Resources */,
				AEDAAE1B1863AEE1001DD389 /* PhotoBaseWithLogo@2x.png in Resources */,
				AEB9459B1874D2D000FCE111 /* ReSonicPink@2x.png in Resources */,
				AEB9F7B2187B442E005F4988 /* Settings@2x.png in Resources */,
				AEDAADDD185CA013001DD389 /* Share@2x.png in Resources */,
				AE15966A18142C6300929D1D /* Cancel.png in Resources */,
				AED56EB11801A35D000DF866 /* Main.storyboard in Resources */,
				AEDAAE2618657221001DD389 /* TrimHandleBig@2x.png in Resources */,
				AEDAADFE185DB8A4001DD389 /* EyeWhite@2x.png in Resources */,
				AEDAADFD185DB8A4001DD389 /* CameraTBWhite@2x.png in Resources */,
				AE1596C0182452CF00929D1D /* slider-default7-trackCrossedOver.png in Resources */,
				AEB945F91877566D00FCE111 /* ViewListDarkGrey@2x.png in Resources */,
				AEB945971874D2D000FCE111 /* CommentPink@2x.png in Resources */,
				AEB945AB1875064D00FCE111 /* MoreWhite@2x.png in Resources */,
				AEB945A71874F08000FCE111 /* 44PXLabelWithShadow@2x.png in Resources */,
				AEDAAE1618639AF1001DD389 /* SecondsNumbers@2x.png in Resources */,
				AEB945A51874DE5800FCE111 /* SegmentedButtonBarSeperator@2x.png in Resources */,
				AE1596C1182452CF00929D1D /* slider-default7-trackCrossedOver@2x.png in Resources */,
				AE15966918142C6300929D1D /* Camera Front and Back.png in Resources */,
				AEB945FC1877566D00FCE111 /* ViewThumbnailPink@2x.png in Resources */,
				AEDAAE01185DB8A4001DD389 /* SetignsWhite@2x.png in Resources */,
				AEDAADFF185DB8A4001DD389 /* GlobeWhite@2x.png in Resources */,
				AE86EECB18316CA800F74F1D /* AudioConverterKitforiOS.pdf in Resources */,
				AEDAAE03185DB900001DD389 /* UserWhite@2x.png in Resources */,
				AE15966818142C6300929D1D /* Camera Flash@2x.png in Resources */,
				AEB945FA1877566D00FCE111 /* ViewListPink@2x.png in Resources */,
				AE159695181C15AE00929D1D /* Sound Button.png in Resources */,
				AEB945991874D2D000FCE111 /* HeartPink@2x.png in Resources */,
				AE15966C18142C6300929D1D /* Option.png in Resources */,
				AEDAAE00185DB8A4001DD389 /* HeartWhite@2x.png in Resources */,
				AE1596BE182452CF00929D1D /* slider-default7-trackBackground.png in Resources */,
				AEB945FB1877566D00FCE111 /* ViewThumbnailDarkGrey@2x.png in Resources */,
				AEDAAE30186591BA001DD389 /* TwitterIcon@2x.png in Resources */,
				AEB945981874D2D000FCE111 /* HeartGrey@2x.png in Resources */,
				AE977196186DD2CC009D0298 /* 2013-11-07 09.52.53@2x.jpg in Resources */,
				AEDAADF3185DB334001DD389 /* ShareWhite@2x.png in Resources */,
				AEDAAE3418663176001DD389 /* AdCommentBoxWhite@2x.png in Resources */,
				AEB9459A1874D2D000FCE111 /* ReSonicGrey@2x.png in Resources */,
			);
			runOnlyForDeploymentPostprocessing = 0;
		};
/* End PBXResourcesBuildPhase section */

/* Begin PBXSourcesBuildPhase section */
		AED56E941801A35D000DF866 /* Sources */ = {
			isa = PBXSourcesBuildPhase;
			buildActionMask = 2147483647;
			files = (
				AE86EEE01837EA7E00F74F1D /* User.m in Sources */,
				AED56EAA1801A35D000DF866 /* main.m in Sources */,
				AE86EE94182C0E0E00F74F1D /* SNCCameraViewController.m in Sources */,
				AE86EE96182C0E0E00F74F1D /* SNCShareViewController.m in Sources */,
				AED56EF41801A39F000DF866 /* NSDictionary+RequestEncoding.m in Sources */,
				AE9ABCFB18799E71008FE96B /* SNCFollowerFollowingViewController.m in Sources */,
				AE86EECD18316CA800F74F1D /* MP3Converter.m in Sources */,
				AED56EF81801A39F000DF866 /* MKNetworkEngine.m in Sources */,
				AE86EE8C182C0DF300F74F1D /* UIImage+scaleToSize.m in Sources */,
				AE86EE7F182C0DC000F74F1D /* NMRangeSlider.m in Sources */,
				AEB9F7B9187B521F005F4988 /* SNCRegisterViewController.m in Sources */,
				AED56EF71801A39F000DF866 /* UIImageView+MKNetworkKitAdditions.m in Sources */,
				AE86EE8B182C0DF300F74F1D /* SNCAPIConnector.m in Sources */,
				AE9ABCF818797E15008FE96B /* SonicCollectionViewCell.m in Sources */,
				AED56EFA1801A39F000DF866 /* Reachability.m in Sources */,
				AE86EECE18316CA800F74F1D /* Mp3ConverterInterface.m in Sources */,
				AED56EF61801A39F000DF866 /* UIAlertView+MKNetworkKitAdditions.m in Sources */,
				AEB945EF1876047900FCE111 /* SonicCommentCell.m in Sources */,
				AE86EECA18316CA800F74F1D /* AudioConverter.m in Sources */,
				AE86EE95182C0E0E00F74F1D /* SNCEditViewController.m in Sources */,
				AE86EEA8183158D300F74F1D /* UserManagedObject.m in Sources */,
				AE86EE99182D7D2000F74F1D /* SNCProfileViewController.m in Sources */,
				AE86EE7B182C0DA800F74F1D /* SonicData.m in Sources */,
				AED56EAE1801A35D000DF866 /* SNCAppDelegate.m in Sources */,
				AEDAAE371866D184001DD389 /* SNCSonicViewController.m in Sources */,
				AEDAAE2418650B5B001DD389 /* NSDate+NVTimeAgo.m in Sources */,
				AEDAADF6185DB802001DD389 /* SNCTabbarController.m in Sources */,
				AED56EB41801A35D000DF866 /* sonicraph.xcdatamodeld in Sources */,
				AE2B4E80187457E6006BD456 /* SonicComment.m in Sources */,
				AE86EED71832E07600F74F1D /* SonicPlayerView.m in Sources */,
				AE86EEB518316BC500F74F1D /* SonicraphMediaManager.m in Sources */,
				AE9ABCFE187A0DC9008FE96B /* SNCPersonTableCell.m in Sources */,
				AECBA6411856408600DE8EDE /* SNCLoginViewController.m in Sources */,
				AED56EF11801A39F000DF866 /* NSAlert+MKNetworkKitAdditions.m in Sources */,
				AED56EF21801A39F000DF866 /* NSData+MKBase64.m in Sources */,
				AED56EF91801A39F000DF866 /* MKNetworkOperation.m in Sources */,
				AEDAAE0D185DDAFC001DD389 /* TypeDefs.m in Sources */,
				AE86EE9F1831547600F74F1D /* SonicManagedObject.m in Sources */,
				AEDAAE191863A015001DD389 /* UIImage+imageForSoundData.m in Sources */,
				AE86EEB418316BC500F74F1D /* SNCAPIManager.m in Sources */,
				AE86EEDA1835590F00F74F1D /* SNCHomeTableCell.m in Sources */,
				AE637F34184BBCE700DDEE21 /* AuthenticationManager.m in Sources */,
				AED56EF51801A39F000DF866 /* NSString+MKNetworkKitAdditions.m in Sources */,
				AED56EF31801A39F000DF866 /* NSDate+RFC1123.m in Sources */,
				AE86EEDD1837EA3E00F74F1D /* Sonic.m in Sources */,
				AEDAAE06185DBD77001DD389 /* UIButton+StateProperties.m in Sources */,
				AED56F081801B425000DF866 /* SNCAPITest.m in Sources */,
				AEDAAE1018623B0F001DD389 /* SNCSoundSlider.m in Sources */,
				AE86EED41832C69600F74F1D /* SNCHomeViewController.m in Sources */,
				AEB9F7AD187B34EC005F4988 /* SNCSettingsViewController.m in Sources */,
				AEB945A11874DA3200FCE111 /* SegmentedBar.m in Sources */,
				AE2B4E7D18737677006BD456 /* SonicViewControllerHeaderView.m in Sources */,
				AE86EE9C182E741900F74F1D /* NSData+Base64.m in Sources */,
				AE86EEB318316BC500F74F1D /* DatabaseManager.m in Sources */,
				AEB946011877571B00FCE111 /* ProfileHeaderView.m in Sources */,
				AE86EE8A182C0DF300F74F1D /* JSONKit.m in Sources */,
			);
			runOnlyForDeploymentPostprocessing = 0;
		};
/* End PBXSourcesBuildPhase section */

/* Begin PBXVariantGroup section */
		AED56EA61801A35D000DF866 /* InfoPlist.strings */ = {
			isa = PBXVariantGroup;
			children = (
				AED56EA71801A35D000DF866 /* en */,
			);
			name = InfoPlist.strings;
			sourceTree = "<group>";
		};
		AED56EAF1801A35D000DF866 /* Main.storyboard */ = {
			isa = PBXVariantGroup;
			children = (
				AED56EB01801A35D000DF866 /* Base */,
			);
			name = Main.storyboard;
			sourceTree = "<group>";
		};
		AED56ECC1801A35D000DF866 /* InfoPlist.strings */ = {
			isa = PBXVariantGroup;
			children = (
				AED56ECD1801A35D000DF866 /* en */,
			);
			name = InfoPlist.strings;
			sourceTree = "<group>";
		};
/* End PBXVariantGroup section */

/* Begin XCBuildConfiguration section */
		AED56ED11801A35D000DF866 /* Debug */ = {
			isa = XCBuildConfiguration;
			buildSettings = {
				ALWAYS_SEARCH_USER_PATHS = NO;
				ARCHS = "$(ARCHS_STANDARD_INCLUDING_64_BIT)";
				CLANG_CXX_LANGUAGE_STANDARD = "gnu++0x";
				CLANG_CXX_LIBRARY = "libc++";
				CLANG_ENABLE_MODULES = YES;
				CLANG_ENABLE_OBJC_ARC = YES;
				CLANG_WARN_BOOL_CONVERSION = YES;
				CLANG_WARN_CONSTANT_CONVERSION = YES;
				CLANG_WARN_DIRECT_OBJC_ISA_USAGE = YES_ERROR;
				CLANG_WARN_EMPTY_BODY = YES;
				CLANG_WARN_ENUM_CONVERSION = YES;
				CLANG_WARN_INT_CONVERSION = YES;
				CLANG_WARN_OBJC_ROOT_CLASS = YES_ERROR;
				CLANG_WARN__DUPLICATE_METHOD_MATCH = YES;
				"CODE_SIGN_IDENTITY[sdk=iphoneos*]" = "iPhone Developer";
				COPY_PHASE_STRIP = NO;
				GCC_C_LANGUAGE_STANDARD = gnu99;
				GCC_DYNAMIC_NO_PIC = NO;
				GCC_OPTIMIZATION_LEVEL = 0;
				GCC_PREPROCESSOR_DEFINITIONS = (
					"DEBUG=1",
					"$(inherited)",
				);
				GCC_SYMBOLS_PRIVATE_EXTERN = NO;
				GCC_WARN_64_TO_32_BIT_CONVERSION = YES;
				GCC_WARN_ABOUT_RETURN_TYPE = YES_ERROR;
				GCC_WARN_UNDECLARED_SELECTOR = YES;
				GCC_WARN_UNINITIALIZED_AUTOS = YES;
				GCC_WARN_UNUSED_FUNCTION = YES;
				GCC_WARN_UNUSED_VARIABLE = YES;
				IPHONEOS_DEPLOYMENT_TARGET = 7.0;
				ONLY_ACTIVE_ARCH = YES;
				SDKROOT = iphoneos;
			};
			name = Debug;
		};
		AED56ED21801A35D000DF866 /* Release */ = {
			isa = XCBuildConfiguration;
			buildSettings = {
				ALWAYS_SEARCH_USER_PATHS = NO;
				ARCHS = "$(ARCHS_STANDARD_INCLUDING_64_BIT)";
				CLANG_CXX_LANGUAGE_STANDARD = "gnu++0x";
				CLANG_CXX_LIBRARY = "libc++";
				CLANG_ENABLE_MODULES = YES;
				CLANG_ENABLE_OBJC_ARC = YES;
				CLANG_WARN_BOOL_CONVERSION = YES;
				CLANG_WARN_CONSTANT_CONVERSION = YES;
				CLANG_WARN_DIRECT_OBJC_ISA_USAGE = YES_ERROR;
				CLANG_WARN_EMPTY_BODY = YES;
				CLANG_WARN_ENUM_CONVERSION = YES;
				CLANG_WARN_INT_CONVERSION = YES;
				CLANG_WARN_OBJC_ROOT_CLASS = YES_ERROR;
				CLANG_WARN__DUPLICATE_METHOD_MATCH = YES;
				"CODE_SIGN_IDENTITY[sdk=iphoneos*]" = "iPhone Developer";
				COPY_PHASE_STRIP = YES;
				ENABLE_NS_ASSERTIONS = NO;
				GCC_C_LANGUAGE_STANDARD = gnu99;
				GCC_WARN_64_TO_32_BIT_CONVERSION = YES;
				GCC_WARN_ABOUT_RETURN_TYPE = YES_ERROR;
				GCC_WARN_UNDECLARED_SELECTOR = YES;
				GCC_WARN_UNINITIALIZED_AUTOS = YES;
				GCC_WARN_UNUSED_FUNCTION = YES;
				GCC_WARN_UNUSED_VARIABLE = YES;
				IPHONEOS_DEPLOYMENT_TARGET = 7.0;
				SDKROOT = iphoneos;
				VALIDATE_PRODUCT = YES;
			};
			name = Release;
		};
		AED56ED41801A35D000DF866 /* Debug */ = {
			isa = XCBuildConfiguration;
			buildSettings = {
				ARCHS = armv7;
				ASSETCATALOG_COMPILER_APPICON_NAME = AppIcon;
				ASSETCATALOG_COMPILER_LAUNCHIMAGE_NAME = LaunchImage;
				CODE_SIGN_IDENTITY = "iPhone Developer";
				"CODE_SIGN_IDENTITY[sdk=iphoneos*]" = "iPhone Developer";
				GCC_PRECOMPILE_PREFIX_HEADER = YES;
				GCC_PREFIX_HEADER = "sonicraph/sonicraph-Prefix.pch";
				INFOPLIST_FILE = "sonicraph/sonicraph-Info.plist";
				LIBRARY_SEARCH_PATHS = (
					"$(inherited)",
					"/Users/yunuserenguzel/Documents/sonicraph_ios/sonicraph/AudioConverterKit/3rd-party/lib",
					/Users/yunuserenguzel/Documents/sonicraph_ios/sonicraph/AudioConverterKit,
				);
				ONLY_ACTIVE_ARCH = YES;
				PRODUCT_NAME = "$(TARGET_NAME)";
				PROVISIONING_PROFILE = "";
				VALID_ARCHS = armv7;
				WRAPPER_EXTENSION = app;
			};
			name = Debug;
		};
		AED56ED51801A35D000DF866 /* Release */ = {
			isa = XCBuildConfiguration;
			buildSettings = {
				ARCHS = armv7;
				ASSETCATALOG_COMPILER_APPICON_NAME = AppIcon;
				ASSETCATALOG_COMPILER_LAUNCHIMAGE_NAME = LaunchImage;
				CODE_SIGN_IDENTITY = "iPhone Developer";
				"CODE_SIGN_IDENTITY[sdk=iphoneos*]" = "iPhone Developer";
				GCC_PRECOMPILE_PREFIX_HEADER = YES;
				GCC_PREFIX_HEADER = "sonicraph/sonicraph-Prefix.pch";
				INFOPLIST_FILE = "sonicraph/sonicraph-Info.plist";
				LIBRARY_SEARCH_PATHS = (
					"$(inherited)",
					"/Users/yunuserenguzel/Documents/sonicraph/sonicraph/AudioConverterKit/3rd-party/lib",
					/Users/yunuserenguzel/Documents/sonicraph/sonicraph/AudioConverterKit,
					"/Users/yunuserenguzel/Documents/sonicraph_ios/sonicraph/AudioConverterKit/3rd-party/lib",
					/Users/yunuserenguzel/Documents/sonicraph_ios/sonicraph/AudioConverterKit,
				);
				ONLY_ACTIVE_ARCH = YES;
				PRODUCT_NAME = "$(TARGET_NAME)";
				PROVISIONING_PROFILE = "";
				VALID_ARCHS = armv7;
				WRAPPER_EXTENSION = app;
			};
			name = Release;
		};
/* End XCBuildConfiguration section */

/* Begin XCConfigurationList section */
		AED56E931801A35D000DF866 /* Build configuration list for PBXProject "sonicraph" */ = {
			isa = XCConfigurationList;
			buildConfigurations = (
				AED56ED11801A35D000DF866 /* Debug */,
				AED56ED21801A35D000DF866 /* Release */,
			);
			defaultConfigurationIsVisible = 0;
			defaultConfigurationName = Release;
		};
		AED56ED31801A35D000DF866 /* Build configuration list for PBXNativeTarget "sonicraph" */ = {
			isa = XCConfigurationList;
			buildConfigurations = (
				AED56ED41801A35D000DF866 /* Debug */,
				AED56ED51801A35D000DF866 /* Release */,
			);
			defaultConfigurationIsVisible = 0;
			defaultConfigurationName = Release;
		};
/* End XCConfigurationList section */

/* Begin XCVersionGroup section */
		AED56EB21801A35D000DF866 /* sonicraph.xcdatamodeld */ = {
			isa = XCVersionGroup;
			children = (
				AED56EB31801A35D000DF866 /* sonicraph.xcdatamodel */,
			);
			currentVersion = AED56EB31801A35D000DF866 /* sonicraph.xcdatamodel */;
			path = sonicraph.xcdatamodeld;
			sourceTree = "<group>";
			versionGroupType = wrapper.xcdatamodel;
		};
/* End XCVersionGroup section */
	};
	rootObject = AED56E901801A35D000DF866 /* Project object */;
}
